// !$*UTF8*$!
{
	archiveVersion = 1;
	classes = {
	};
	objectVersion = 46;
	objects = {

/* Begin PBXBuildFile section */
		0A0F98C91ACB3F9400B6D006 /* Message.m in Sources */ = {isa = PBXBuildFile; fileRef = 0A0F98C81ACB3F9400B6D006 /* Message.m */; };
		0A2187071AE5D83E00F7CDDD /* JSQMessagesAssets.bundle in Resources */ = {isa = PBXBuildFile; fileRef = 0A2186A71AE5D83E00F7CDDD /* JSQMessagesAssets.bundle */; };
		0A2187081AE5D83E00F7CDDD /* JSQSystemSoundPlayer+JSQMessages.m in Sources */ = {isa = PBXBuildFile; fileRef = 0A2186AA1AE5D83E00F7CDDD /* JSQSystemSoundPlayer+JSQMessages.m */; };
		0A2187091AE5D83E00F7CDDD /* NSBundle+JSQMessages.m in Sources */ = {isa = PBXBuildFile; fileRef = 0A2186AC1AE5D83E00F7CDDD /* NSBundle+JSQMessages.m */; };
		0A21870A1AE5D83E00F7CDDD /* NSString+JSQMessages.m in Sources */ = {isa = PBXBuildFile; fileRef = 0A2186AE1AE5D83E00F7CDDD /* NSString+JSQMessages.m */; };
		0A21870B1AE5D83E00F7CDDD /* UIColor+JSQMessages.m in Sources */ = {isa = PBXBuildFile; fileRef = 0A2186B01AE5D83E00F7CDDD /* UIColor+JSQMessages.m */; };
		0A21870C1AE5D83E00F7CDDD /* UIDevice+JSQMessages.m in Sources */ = {isa = PBXBuildFile; fileRef = 0A2186B21AE5D83E00F7CDDD /* UIDevice+JSQMessages.m */; };
		0A21870D1AE5D83E00F7CDDD /* UIImage+JSQMessages.m in Sources */ = {isa = PBXBuildFile; fileRef = 0A2186B41AE5D83E00F7CDDD /* UIImage+JSQMessages.m */; };
		0A21870E1AE5D83E00F7CDDD /* UIView+JSQMessages.m in Sources */ = {isa = PBXBuildFile; fileRef = 0A2186B61AE5D83E00F7CDDD /* UIView+JSQMessages.m */; };
		0A21870F1AE5D83E00F7CDDD /* JSQMessagesKeyboardController.m in Sources */ = {isa = PBXBuildFile; fileRef = 0A2186B91AE5D83E00F7CDDD /* JSQMessagesKeyboardController.m */; };
		0A2187101AE5D83E00F7CDDD /* JSQMessagesViewController.m in Sources */ = {isa = PBXBuildFile; fileRef = 0A2186BB1AE5D83E00F7CDDD /* JSQMessagesViewController.m */; };
		0A2187111AE5D83E00F7CDDD /* JSQMessagesViewController.xib in Resources */ = {isa = PBXBuildFile; fileRef = 0A2186BC1AE5D83E00F7CDDD /* JSQMessagesViewController.xib */; };
		0A2187121AE5D83E00F7CDDD /* JSQMessagesAvatarImageFactory.m in Sources */ = {isa = PBXBuildFile; fileRef = 0A2186BF1AE5D83E00F7CDDD /* JSQMessagesAvatarImageFactory.m */; };
		0A2187131AE5D83E00F7CDDD /* JSQMessagesBubbleImageFactory.m in Sources */ = {isa = PBXBuildFile; fileRef = 0A2186C11AE5D83E00F7CDDD /* JSQMessagesBubbleImageFactory.m */; };
		0A2187141AE5D83E00F7CDDD /* JSQMessagesMediaViewBubbleImageMasker.m in Sources */ = {isa = PBXBuildFile; fileRef = 0A2186C31AE5D83E00F7CDDD /* JSQMessagesMediaViewBubbleImageMasker.m */; };
		0A2187151AE5D83E00F7CDDD /* JSQMessagesTimestampFormatter.m in Sources */ = {isa = PBXBuildFile; fileRef = 0A2186C51AE5D83E00F7CDDD /* JSQMessagesTimestampFormatter.m */; };
		0A2187161AE5D83E00F7CDDD /* JSQMessagesToolbarButtonFactory.m in Sources */ = {isa = PBXBuildFile; fileRef = 0A2186C71AE5D83E00F7CDDD /* JSQMessagesToolbarButtonFactory.m */; };
		0A2187171AE5D83E00F7CDDD /* JSQMessagesCollectionViewFlowLayout.m in Sources */ = {isa = PBXBuildFile; fileRef = 0A2186CB1AE5D83E00F7CDDD /* JSQMessagesCollectionViewFlowLayout.m */; };
		0A2187181AE5D83E00F7CDDD /* JSQMessagesCollectionViewFlowLayoutInvalidationContext.m in Sources */ = {isa = PBXBuildFile; fileRef = 0A2186CD1AE5D83E00F7CDDD /* JSQMessagesCollectionViewFlowLayoutInvalidationContext.m */; };
		0A2187191AE5D83E00F7CDDD /* JSQMessagesCollectionViewLayoutAttributes.m in Sources */ = {isa = PBXBuildFile; fileRef = 0A2186CF1AE5D83E00F7CDDD /* JSQMessagesCollectionViewLayoutAttributes.m */; };
		0A21871A1AE5D83E00F7CDDD /* JSQLocationMediaItem.m in Sources */ = {isa = PBXBuildFile; fileRef = 0A2186D21AE5D83E00F7CDDD /* JSQLocationMediaItem.m */; };
		0A21871B1AE5D83E00F7CDDD /* JSQMediaItem.m in Sources */ = {isa = PBXBuildFile; fileRef = 0A2186D41AE5D83E00F7CDDD /* JSQMediaItem.m */; };
		0A21871C1AE5D83E00F7CDDD /* JSQMessage.m in Sources */ = {isa = PBXBuildFile; fileRef = 0A2186D61AE5D83E00F7CDDD /* JSQMessage.m */; };
		0A21871D1AE5D83E00F7CDDD /* JSQMessagesAvatarImage.m in Sources */ = {isa = PBXBuildFile; fileRef = 0A2186DC1AE5D83E00F7CDDD /* JSQMessagesAvatarImage.m */; };
		0A21871E1AE5D83E00F7CDDD /* JSQMessagesBubbleImage.m in Sources */ = {isa = PBXBuildFile; fileRef = 0A2186DE1AE5D83E00F7CDDD /* JSQMessagesBubbleImage.m */; };
		0A21871F1AE5D83E00F7CDDD /* JSQPhotoMediaItem.m in Sources */ = {isa = PBXBuildFile; fileRef = 0A2186E21AE5D83E00F7CDDD /* JSQPhotoMediaItem.m */; };
		0A2187201AE5D83E00F7CDDD /* JSQVideoMediaItem.m in Sources */ = {isa = PBXBuildFile; fileRef = 0A2186E41AE5D83E00F7CDDD /* JSQVideoMediaItem.m */; };
		0A2187211AE5D83E00F7CDDD /* JSQMessagesCellTextView.m in Sources */ = {isa = PBXBuildFile; fileRef = 0A2186E71AE5D83E00F7CDDD /* JSQMessagesCellTextView.m */; };
		0A2187221AE5D83E00F7CDDD /* JSQMessagesCollectionView.m in Sources */ = {isa = PBXBuildFile; fileRef = 0A2186E91AE5D83E00F7CDDD /* JSQMessagesCollectionView.m */; };
		0A2187231AE5D83E00F7CDDD /* JSQMessagesCollectionViewCell.m in Sources */ = {isa = PBXBuildFile; fileRef = 0A2186EB1AE5D83E00F7CDDD /* JSQMessagesCollectionViewCell.m */; };
		0A2187241AE5D83E00F7CDDD /* JSQMessagesCollectionViewCellIncoming.m in Sources */ = {isa = PBXBuildFile; fileRef = 0A2186ED1AE5D83E00F7CDDD /* JSQMessagesCollectionViewCellIncoming.m */; };
		0A2187251AE5D83E00F7CDDD /* JSQMessagesCollectionViewCellIncoming.xib in Resources */ = {isa = PBXBuildFile; fileRef = 0A2186EE1AE5D83E00F7CDDD /* JSQMessagesCollectionViewCellIncoming.xib */; };
		0A2187261AE5D83E00F7CDDD /* JSQMessagesCollectionViewCellOutgoing.m in Sources */ = {isa = PBXBuildFile; fileRef = 0A2186F01AE5D83E00F7CDDD /* JSQMessagesCollectionViewCellOutgoing.m */; };
		0A2187271AE5D83E00F7CDDD /* JSQMessagesCollectionViewCellOutgoing.xib in Resources */ = {isa = PBXBuildFile; fileRef = 0A2186F11AE5D83E00F7CDDD /* JSQMessagesCollectionViewCellOutgoing.xib */; };
		0A2187281AE5D83E00F7CDDD /* JSQMessagesComposerTextView.m in Sources */ = {isa = PBXBuildFile; fileRef = 0A2186F31AE5D83E00F7CDDD /* JSQMessagesComposerTextView.m */; };
		0A2187291AE5D83E00F7CDDD /* JSQMessagesInputToolbar.m in Sources */ = {isa = PBXBuildFile; fileRef = 0A2186F51AE5D83E00F7CDDD /* JSQMessagesInputToolbar.m */; };
		0A21872A1AE5D83E00F7CDDD /* JSQMessagesLabel.m in Sources */ = {isa = PBXBuildFile; fileRef = 0A2186F71AE5D83E00F7CDDD /* JSQMessagesLabel.m */; };
		0A21872B1AE5D83E00F7CDDD /* JSQMessagesLoadEarlierHeaderView.m in Sources */ = {isa = PBXBuildFile; fileRef = 0A2186F91AE5D83E00F7CDDD /* JSQMessagesLoadEarlierHeaderView.m */; };
		0A21872C1AE5D83E00F7CDDD /* JSQMessagesLoadEarlierHeaderView.xib in Resources */ = {isa = PBXBuildFile; fileRef = 0A2186FA1AE5D83E00F7CDDD /* JSQMessagesLoadEarlierHeaderView.xib */; };
		0A21872D1AE5D83E00F7CDDD /* JSQMessagesMediaPlaceholderView.m in Sources */ = {isa = PBXBuildFile; fileRef = 0A2186FC1AE5D83E00F7CDDD /* JSQMessagesMediaPlaceholderView.m */; };
		0A21872E1AE5D83E00F7CDDD /* JSQMessagesToolbarContentView.m in Sources */ = {isa = PBXBuildFile; fileRef = 0A2186FE1AE5D83E00F7CDDD /* JSQMessagesToolbarContentView.m */; };
		0A21872F1AE5D83E00F7CDDD /* JSQMessagesToolbarContentView.xib in Resources */ = {isa = PBXBuildFile; fileRef = 0A2186FF1AE5D83E00F7CDDD /* JSQMessagesToolbarContentView.xib */; };
		0A2187301AE5D83E00F7CDDD /* JSQMessagesTypingIndicatorFooterView.m in Sources */ = {isa = PBXBuildFile; fileRef = 0A2187011AE5D83E00F7CDDD /* JSQMessagesTypingIndicatorFooterView.m */; };
		0A2187311AE5D83E00F7CDDD /* JSQMessagesTypingIndicatorFooterView.xib in Resources */ = {isa = PBXBuildFile; fileRef = 0A2187021AE5D83E00F7CDDD /* JSQMessagesTypingIndicatorFooterView.xib */; };
		0A2187321AE5D83E00F7CDDD /* JSQSystemSoundPlayer.m in Sources */ = {isa = PBXBuildFile; fileRef = 0A2187061AE5D83E00F7CDDD /* JSQSystemSoundPlayer.m */; };
		0A2187351AE62AC900F7CDDD /* ChatView.m in Sources */ = {isa = PBXBuildFile; fileRef = 0A2187341AE62AC900F7CDDD /* ChatView.m */; };
		0A2D21AE1ACC27B8003EE2AE /* ParticipantsViewController.m in Sources */ = {isa = PBXBuildFile; fileRef = 0A2D21AD1ACC27B8003EE2AE /* ParticipantsViewController.m */; };
		0A32BF111ABE039E00025127 /* main.m in Sources */ = {isa = PBXBuildFile; fileRef = 0A32BF101ABE039E00025127 /* main.m */; };
		0A32BF141ABE039E00025127 /* AppDelegate.m in Sources */ = {isa = PBXBuildFile; fileRef = 0A32BF131ABE039E00025127 /* AppDelegate.m */; };
		0A32BF171ABE039E00025127 /* ViewController.m in Sources */ = {isa = PBXBuildFile; fileRef = 0A32BF161ABE039E00025127 /* ViewController.m */; };
		0A32BF2B1ABE039E00025127 /* SpotMarkTests.m in Sources */ = {isa = PBXBuildFile; fileRef = 0A32BF2A1ABE039E00025127 /* SpotMarkTests.m */; };
		0A32C1451ABE597900025127 /* Accounts.framework in Frameworks */ = {isa = PBXBuildFile; fileRef = 0A32C13A1ABE597900025127 /* Accounts.framework */; };
		0A32C1461ABE597900025127 /* AudioToolbox.framework in Frameworks */ = {isa = PBXBuildFile; fileRef = 0A32C13B1ABE597900025127 /* AudioToolbox.framework */; };
		0A32C1471ABE597900025127 /* CFNetwork.framework in Frameworks */ = {isa = PBXBuildFile; fileRef = 0A32C13C1ABE597900025127 /* CFNetwork.framework */; };
		0A32C1481ABE597900025127 /* CoreGraphics.framework in Frameworks */ = {isa = PBXBuildFile; fileRef = 0A32C13D1ABE597900025127 /* CoreGraphics.framework */; };
		0A32C1491ABE597900025127 /* CoreLocation.framework in Frameworks */ = {isa = PBXBuildFile; fileRef = 0A32C13E1ABE597900025127 /* CoreLocation.framework */; };
		0A32C14A1ABE597900025127 /* MobileCoreServices.framework in Frameworks */ = {isa = PBXBuildFile; fileRef = 0A32C13F1ABE597900025127 /* MobileCoreServices.framework */; };
		0A32C14B1ABE597900025127 /* QuartzCore.framework in Frameworks */ = {isa = PBXBuildFile; fileRef = 0A32C1401ABE597900025127 /* QuartzCore.framework */; };
		0A32C14C1ABE597900025127 /* Security.framework in Frameworks */ = {isa = PBXBuildFile; fileRef = 0A32C1411ABE597900025127 /* Security.framework */; };
		0A32C14D1ABE597900025127 /* Social.framework in Frameworks */ = {isa = PBXBuildFile; fileRef = 0A32C1421ABE597900025127 /* Social.framework */; };
		0A32C14F1ABE597900025127 /* SystemConfiguration.framework in Frameworks */ = {isa = PBXBuildFile; fileRef = 0A32C1441ABE597900025127 /* SystemConfiguration.framework */; };
		0A32C1521ABE598F00025127 /* libsqlite3.dylib in Frameworks */ = {isa = PBXBuildFile; fileRef = 0A32C1501ABE598F00025127 /* libsqlite3.dylib */; };
		0A32C1531ABE598F00025127 /* libz.dylib in Frameworks */ = {isa = PBXBuildFile; fileRef = 0A32C1511ABE598F00025127 /* libz.dylib */; };
		0A32C29B1AC1ED8500025127 /* NewEventsViewController.m in Sources */ = {isa = PBXBuildFile; fileRef = 0A32C29A1AC1ED8500025127 /* NewEventsViewController.m */; };
		0A3BD4A41AC9D46A00DAE12B /* Images.xcassets in Resources */ = {isa = PBXBuildFile; fileRef = 0A3BD4A31AC9D46A00DAE12B /* Images.xcassets */; };
		0A3BD4A81ACB1D8D00DAE12B /* Main.storyboard in Resources */ = {isa = PBXBuildFile; fileRef = 0A3BD4A61ACB1D8D00DAE12B /* Main.storyboard */; };
		0A61CB6C1AE0454B00CB11F6 /* AVFoundation.framework in Frameworks */ = {isa = PBXBuildFile; fileRef = 0A61CB6B1AE0454B00CB11F6 /* AVFoundation.framework */; };
		0AC553101AD594D100FC3F22 /* Participant.m in Sources */ = {isa = PBXBuildFile; fileRef = 0AC5530F1AD594D100FC3F22 /* Participant.m */; };
		0AEBF09E1AC5281700F221E0 /* loadParse.m in Sources */ = {isa = PBXBuildFile; fileRef = 0AEBF09D1AC5281700F221E0 /* loadParse.m */; };
		0AEBF0A41AC5D26000F221E0 /* User.m in Sources */ = {isa = PBXBuildFile; fileRef = 0AEBF0A31AC5D26000F221E0 /* User.m */; };
		0AEBF0A71AC5E0C400F221E0 /* InviteViewController.m in Sources */ = {isa = PBXBuildFile; fileRef = 0AEBF0A61AC5E0C400F221E0 /* InviteViewController.m */; };
		0AEBF0AA1AC635E000F221E0 /* CustonCellInvite.m in Sources */ = {isa = PBXBuildFile; fileRef = 0AEBF0A91AC635E000F221E0 /* CustonCellInvite.m */; };
		0AEC21821AE596C90021D560 /* ParseUI.framework in Frameworks */ = {isa = PBXBuildFile; fileRef = 0AEC21811AE596C90021D560 /* ParseUI.framework */; };
		0AEC21851AE597650021D560 /* push.m in Sources */ = {isa = PBXBuildFile; fileRef = 0AEC21841AE597650021D560 /* push.m */; };
		0AF8A8761ADC549000498AC6 /* CustomTabBarViewController.m in Sources */ = {isa = PBXBuildFile; fileRef = 0AF8A8751ADC549000498AC6 /* CustomTabBarViewController.m */; };
		0AF8A8791ADD93A900498AC6 /* CustomCellPost.m in Sources */ = {isa = PBXBuildFile; fileRef = 0AF8A8781ADD93A900498AC6 /* CustomCellPost.m */; };
		955619611AC320DF00010C68 /* SettingsViewController.m in Sources */ = {isa = PBXBuildFile; fileRef = 955619601AC320DF00010C68 /* SettingsViewController.m */; };
		955619641AC3215400010C68 /* MessagesViewController.m in Sources */ = {isa = PBXBuildFile; fileRef = 955619631AC3215400010C68 /* MessagesViewController.m */; };
		9556196A1AC3229D00010C68 /* OneEventViewController.m in Sources */ = {isa = PBXBuildFile; fileRef = 955619691AC3229D00010C68 /* OneEventViewController.m */; };
		955619781AC48ABA00010C68 /* Chat.m in Sources */ = {isa = PBXBuildFile; fileRef = 955619771AC48ABA00010C68 /* Chat.m */; };
		95FD4AC11AC5BD7E0075A78A /* Event.m in Sources */ = {isa = PBXBuildFile; fileRef = 95FD4ABE1AC5BD7E0075A78A /* Event.m */; };
		95FD4AC21AC5BD7E0075A78A /* EventsViewController.m in Sources */ = {isa = PBXBuildFile; fileRef = 95FD4AC01AC5BD7E0075A78A /* EventsViewController.m */; };
		95FD4AC51AC5BDF80075A78A /* MapViewController.m in Sources */ = {isa = PBXBuildFile; fileRef = 95FD4AC41AC5BDF80075A78A /* MapViewController.m */; };
		95FD4ACD1AC9D68C0075A78A /* EventTableCell.m in Sources */ = {isa = PBXBuildFile; fileRef = 95FD4ACC1AC9D68C0075A78A /* EventTableCell.m */; };
		F290D8E31AE712BA007F78DA /* FacebookSDK.framework in Frameworks */ = {isa = PBXBuildFile; fileRef = F290D8E21AE712BA007F78DA /* FacebookSDK.framework */; };
		F290D8E71AE71579007F78DA /* Parse.framework in Frameworks */ = {isa = PBXBuildFile; fileRef = F290D8E61AE71579007F78DA /* Parse.framework */; };
		F290D8E91AE71622007F78DA /* Bolts.framework in Frameworks */ = {isa = PBXBuildFile; fileRef = F290D8E81AE71622007F78DA /* Bolts.framework */; };
/* End PBXBuildFile section */

/* Begin PBXContainerItemProxy section */
		0A32BF251ABE039E00025127 /* PBXContainerItemProxy */ = {
			isa = PBXContainerItemProxy;
			containerPortal = 0A32BF031ABE039E00025127 /* Project object */;
			proxyType = 1;
			remoteGlobalIDString = 0A32BF0A1ABE039E00025127;
			remoteInfo = SpotMark;
		};
/* End PBXContainerItemProxy section */

/* Begin PBXFileReference section */
		0A0F98C71ACB3F9400B6D006 /* Message.h */ = {isa = PBXFileReference; fileEncoding = 4; lastKnownFileType = sourcecode.c.h; path = Message.h; sourceTree = "<group>"; };
		0A0F98C81ACB3F9400B6D006 /* Message.m */ = {isa = PBXFileReference; fileEncoding = 4; lastKnownFileType = sourcecode.c.objc; path = Message.m; sourceTree = "<group>"; };
		0A2186A71AE5D83E00F7CDDD /* JSQMessagesAssets.bundle */ = {isa = PBXFileReference; lastKnownFileType = "wrapper.plug-in"; path = JSQMessagesAssets.bundle; sourceTree = "<group>"; };
		0A2186A91AE5D83E00F7CDDD /* JSQSystemSoundPlayer+JSQMessages.h */ = {isa = PBXFileReference; fileEncoding = 4; lastKnownFileType = sourcecode.c.h; path = "JSQSystemSoundPlayer+JSQMessages.h"; sourceTree = "<group>"; };
		0A2186AA1AE5D83E00F7CDDD /* JSQSystemSoundPlayer+JSQMessages.m */ = {isa = PBXFileReference; fileEncoding = 4; lastKnownFileType = sourcecode.c.objc; path = "JSQSystemSoundPlayer+JSQMessages.m"; sourceTree = "<group>"; };
		0A2186AB1AE5D83E00F7CDDD /* NSBundle+JSQMessages.h */ = {isa = PBXFileReference; fileEncoding = 4; lastKnownFileType = sourcecode.c.h; path = "NSBundle+JSQMessages.h"; sourceTree = "<group>"; };
		0A2186AC1AE5D83E00F7CDDD /* NSBundle+JSQMessages.m */ = {isa = PBXFileReference; fileEncoding = 4; lastKnownFileType = sourcecode.c.objc; path = "NSBundle+JSQMessages.m"; sourceTree = "<group>"; };
		0A2186AD1AE5D83E00F7CDDD /* NSString+JSQMessages.h */ = {isa = PBXFileReference; fileEncoding = 4; lastKnownFileType = sourcecode.c.h; path = "NSString+JSQMessages.h"; sourceTree = "<group>"; };
		0A2186AE1AE5D83E00F7CDDD /* NSString+JSQMessages.m */ = {isa = PBXFileReference; fileEncoding = 4; lastKnownFileType = sourcecode.c.objc; path = "NSString+JSQMessages.m"; sourceTree = "<group>"; };
		0A2186AF1AE5D83E00F7CDDD /* UIColor+JSQMessages.h */ = {isa = PBXFileReference; fileEncoding = 4; lastKnownFileType = sourcecode.c.h; path = "UIColor+JSQMessages.h"; sourceTree = "<group>"; };
		0A2186B01AE5D83E00F7CDDD /* UIColor+JSQMessages.m */ = {isa = PBXFileReference; fileEncoding = 4; lastKnownFileType = sourcecode.c.objc; path = "UIColor+JSQMessages.m"; sourceTree = "<group>"; };
		0A2186B11AE5D83E00F7CDDD /* UIDevice+JSQMessages.h */ = {isa = PBXFileReference; fileEncoding = 4; lastKnownFileType = sourcecode.c.h; path = "UIDevice+JSQMessages.h"; sourceTree = "<group>"; };
		0A2186B21AE5D83E00F7CDDD /* UIDevice+JSQMessages.m */ = {isa = PBXFileReference; fileEncoding = 4; lastKnownFileType = sourcecode.c.objc; path = "UIDevice+JSQMessages.m"; sourceTree = "<group>"; };
		0A2186B31AE5D83E00F7CDDD /* UIImage+JSQMessages.h */ = {isa = PBXFileReference; fileEncoding = 4; lastKnownFileType = sourcecode.c.h; path = "UIImage+JSQMessages.h"; sourceTree = "<group>"; };
		0A2186B41AE5D83E00F7CDDD /* UIImage+JSQMessages.m */ = {isa = PBXFileReference; fileEncoding = 4; lastKnownFileType = sourcecode.c.objc; path = "UIImage+JSQMessages.m"; sourceTree = "<group>"; };
		0A2186B51AE5D83E00F7CDDD /* UIView+JSQMessages.h */ = {isa = PBXFileReference; fileEncoding = 4; lastKnownFileType = sourcecode.c.h; path = "UIView+JSQMessages.h"; sourceTree = "<group>"; };
		0A2186B61AE5D83E00F7CDDD /* UIView+JSQMessages.m */ = {isa = PBXFileReference; fileEncoding = 4; lastKnownFileType = sourcecode.c.objc; path = "UIView+JSQMessages.m"; sourceTree = "<group>"; };
		0A2186B81AE5D83E00F7CDDD /* JSQMessagesKeyboardController.h */ = {isa = PBXFileReference; fileEncoding = 4; lastKnownFileType = sourcecode.c.h; path = JSQMessagesKeyboardController.h; sourceTree = "<group>"; };
		0A2186B91AE5D83E00F7CDDD /* JSQMessagesKeyboardController.m */ = {isa = PBXFileReference; fileEncoding = 4; lastKnownFileType = sourcecode.c.objc; path = JSQMessagesKeyboardController.m; sourceTree = "<group>"; };
		0A2186BA1AE5D83E00F7CDDD /* JSQMessagesViewController.h */ = {isa = PBXFileReference; fileEncoding = 4; lastKnownFileType = sourcecode.c.h; path = JSQMessagesViewController.h; sourceTree = "<group>"; };
		0A2186BB1AE5D83E00F7CDDD /* JSQMessagesViewController.m */ = {isa = PBXFileReference; fileEncoding = 4; lastKnownFileType = sourcecode.c.objc; path = JSQMessagesViewController.m; sourceTree = "<group>"; };
		0A2186BC1AE5D83E00F7CDDD /* JSQMessagesViewController.xib */ = {isa = PBXFileReference; fileEncoding = 4; lastKnownFileType = file.xib; path = JSQMessagesViewController.xib; sourceTree = "<group>"; };
		0A2186BE1AE5D83E00F7CDDD /* JSQMessagesAvatarImageFactory.h */ = {isa = PBXFileReference; fileEncoding = 4; lastKnownFileType = sourcecode.c.h; path = JSQMessagesAvatarImageFactory.h; sourceTree = "<group>"; };
		0A2186BF1AE5D83E00F7CDDD /* JSQMessagesAvatarImageFactory.m */ = {isa = PBXFileReference; fileEncoding = 4; lastKnownFileType = sourcecode.c.objc; path = JSQMessagesAvatarImageFactory.m; sourceTree = "<group>"; };
		0A2186C01AE5D83E00F7CDDD /* JSQMessagesBubbleImageFactory.h */ = {isa = PBXFileReference; fileEncoding = 4; lastKnownFileType = sourcecode.c.h; path = JSQMessagesBubbleImageFactory.h; sourceTree = "<group>"; };
		0A2186C11AE5D83E00F7CDDD /* JSQMessagesBubbleImageFactory.m */ = {isa = PBXFileReference; fileEncoding = 4; lastKnownFileType = sourcecode.c.objc; path = JSQMessagesBubbleImageFactory.m; sourceTree = "<group>"; };
		0A2186C21AE5D83E00F7CDDD /* JSQMessagesMediaViewBubbleImageMasker.h */ = {isa = PBXFileReference; fileEncoding = 4; lastKnownFileType = sourcecode.c.h; path = JSQMessagesMediaViewBubbleImageMasker.h; sourceTree = "<group>"; };
		0A2186C31AE5D83E00F7CDDD /* JSQMessagesMediaViewBubbleImageMasker.m */ = {isa = PBXFileReference; fileEncoding = 4; lastKnownFileType = sourcecode.c.objc; path = JSQMessagesMediaViewBubbleImageMasker.m; sourceTree = "<group>"; };
		0A2186C41AE5D83E00F7CDDD /* JSQMessagesTimestampFormatter.h */ = {isa = PBXFileReference; fileEncoding = 4; lastKnownFileType = sourcecode.c.h; path = JSQMessagesTimestampFormatter.h; sourceTree = "<group>"; };
		0A2186C51AE5D83E00F7CDDD /* JSQMessagesTimestampFormatter.m */ = {isa = PBXFileReference; fileEncoding = 4; lastKnownFileType = sourcecode.c.objc; path = JSQMessagesTimestampFormatter.m; sourceTree = "<group>"; };
		0A2186C61AE5D83E00F7CDDD /* JSQMessagesToolbarButtonFactory.h */ = {isa = PBXFileReference; fileEncoding = 4; lastKnownFileType = sourcecode.c.h; path = JSQMessagesToolbarButtonFactory.h; sourceTree = "<group>"; };
		0A2186C71AE5D83E00F7CDDD /* JSQMessagesToolbarButtonFactory.m */ = {isa = PBXFileReference; fileEncoding = 4; lastKnownFileType = sourcecode.c.objc; path = JSQMessagesToolbarButtonFactory.m; sourceTree = "<group>"; };
		0A2186C81AE5D83E00F7CDDD /* JSQMessages.h */ = {isa = PBXFileReference; fileEncoding = 4; lastKnownFileType = sourcecode.c.h; path = JSQMessages.h; sourceTree = "<group>"; };
		0A2186CA1AE5D83E00F7CDDD /* JSQMessagesCollectionViewFlowLayout.h */ = {isa = PBXFileReference; fileEncoding = 4; lastKnownFileType = sourcecode.c.h; path = JSQMessagesCollectionViewFlowLayout.h; sourceTree = "<group>"; };
		0A2186CB1AE5D83E00F7CDDD /* JSQMessagesCollectionViewFlowLayout.m */ = {isa = PBXFileReference; fileEncoding = 4; lastKnownFileType = sourcecode.c.objc; path = JSQMessagesCollectionViewFlowLayout.m; sourceTree = "<group>"; };
		0A2186CC1AE5D83E00F7CDDD /* JSQMessagesCollectionViewFlowLayoutInvalidationContext.h */ = {isa = PBXFileReference; fileEncoding = 4; lastKnownFileType = sourcecode.c.h; path = JSQMessagesCollectionViewFlowLayoutInvalidationContext.h; sourceTree = "<group>"; };
		0A2186CD1AE5D83E00F7CDDD /* JSQMessagesCollectionViewFlowLayoutInvalidationContext.m */ = {isa = PBXFileReference; fileEncoding = 4; lastKnownFileType = sourcecode.c.objc; path = JSQMessagesCollectionViewFlowLayoutInvalidationContext.m; sourceTree = "<group>"; };
		0A2186CE1AE5D83E00F7CDDD /* JSQMessagesCollectionViewLayoutAttributes.h */ = {isa = PBXFileReference; fileEncoding = 4; lastKnownFileType = sourcecode.c.h; path = JSQMessagesCollectionViewLayoutAttributes.h; sourceTree = "<group>"; };
		0A2186CF1AE5D83E00F7CDDD /* JSQMessagesCollectionViewLayoutAttributes.m */ = {isa = PBXFileReference; fileEncoding = 4; lastKnownFileType = sourcecode.c.objc; path = JSQMessagesCollectionViewLayoutAttributes.m; sourceTree = "<group>"; };
		0A2186D11AE5D83E00F7CDDD /* JSQLocationMediaItem.h */ = {isa = PBXFileReference; fileEncoding = 4; lastKnownFileType = sourcecode.c.h; path = JSQLocationMediaItem.h; sourceTree = "<group>"; };
		0A2186D21AE5D83E00F7CDDD /* JSQLocationMediaItem.m */ = {isa = PBXFileReference; fileEncoding = 4; lastKnownFileType = sourcecode.c.objc; path = JSQLocationMediaItem.m; sourceTree = "<group>"; };
		0A2186D31AE5D83E00F7CDDD /* JSQMediaItem.h */ = {isa = PBXFileReference; fileEncoding = 4; lastKnownFileType = sourcecode.c.h; path = JSQMediaItem.h; sourceTree = "<group>"; };
		0A2186D41AE5D83E00F7CDDD /* JSQMediaItem.m */ = {isa = PBXFileReference; fileEncoding = 4; lastKnownFileType = sourcecode.c.objc; path = JSQMediaItem.m; sourceTree = "<group>"; };
		0A2186D51AE5D83E00F7CDDD /* JSQMessage.h */ = {isa = PBXFileReference; fileEncoding = 4; lastKnownFileType = sourcecode.c.h; path = JSQMessage.h; sourceTree = "<group>"; };
		0A2186D61AE5D83E00F7CDDD /* JSQMessage.m */ = {isa = PBXFileReference; fileEncoding = 4; lastKnownFileType = sourcecode.c.objc; path = JSQMessage.m; sourceTree = "<group>"; };
		0A2186D71AE5D83E00F7CDDD /* JSQMessageAvatarImageDataSource.h */ = {isa = PBXFileReference; fileEncoding = 4; lastKnownFileType = sourcecode.c.h; path = JSQMessageAvatarImageDataSource.h; sourceTree = "<group>"; };
		0A2186D81AE5D83E00F7CDDD /* JSQMessageBubbleImageDataSource.h */ = {isa = PBXFileReference; fileEncoding = 4; lastKnownFileType = sourcecode.c.h; path = JSQMessageBubbleImageDataSource.h; sourceTree = "<group>"; };
		0A2186D91AE5D83E00F7CDDD /* JSQMessageData.h */ = {isa = PBXFileReference; fileEncoding = 4; lastKnownFileType = sourcecode.c.h; path = JSQMessageData.h; sourceTree = "<group>"; };
		0A2186DA1AE5D83E00F7CDDD /* JSQMessageMediaData.h */ = {isa = PBXFileReference; fileEncoding = 4; lastKnownFileType = sourcecode.c.h; path = JSQMessageMediaData.h; sourceTree = "<group>"; };
		0A2186DB1AE5D83E00F7CDDD /* JSQMessagesAvatarImage.h */ = {isa = PBXFileReference; fileEncoding = 4; lastKnownFileType = sourcecode.c.h; path = JSQMessagesAvatarImage.h; sourceTree = "<group>"; };
		0A2186DC1AE5D83E00F7CDDD /* JSQMessagesAvatarImage.m */ = {isa = PBXFileReference; fileEncoding = 4; lastKnownFileType = sourcecode.c.objc; path = JSQMessagesAvatarImage.m; sourceTree = "<group>"; };
		0A2186DD1AE5D83E00F7CDDD /* JSQMessagesBubbleImage.h */ = {isa = PBXFileReference; fileEncoding = 4; lastKnownFileType = sourcecode.c.h; path = JSQMessagesBubbleImage.h; sourceTree = "<group>"; };
		0A2186DE1AE5D83E00F7CDDD /* JSQMessagesBubbleImage.m */ = {isa = PBXFileReference; fileEncoding = 4; lastKnownFileType = sourcecode.c.objc; path = JSQMessagesBubbleImage.m; sourceTree = "<group>"; };
		0A2186DF1AE5D83E00F7CDDD /* JSQMessagesCollectionViewDataSource.h */ = {isa = PBXFileReference; fileEncoding = 4; lastKnownFileType = sourcecode.c.h; path = JSQMessagesCollectionViewDataSource.h; sourceTree = "<group>"; };
		0A2186E01AE5D83E00F7CDDD /* JSQMessagesCollectionViewDelegateFlowLayout.h */ = {isa = PBXFileReference; fileEncoding = 4; lastKnownFileType = sourcecode.c.h; path = JSQMessagesCollectionViewDelegateFlowLayout.h; sourceTree = "<group>"; };
		0A2186E11AE5D83E00F7CDDD /* JSQPhotoMediaItem.h */ = {isa = PBXFileReference; fileEncoding = 4; lastKnownFileType = sourcecode.c.h; path = JSQPhotoMediaItem.h; sourceTree = "<group>"; };
		0A2186E21AE5D83E00F7CDDD /* JSQPhotoMediaItem.m */ = {isa = PBXFileReference; fileEncoding = 4; lastKnownFileType = sourcecode.c.objc; path = JSQPhotoMediaItem.m; sourceTree = "<group>"; };
		0A2186E31AE5D83E00F7CDDD /* JSQVideoMediaItem.h */ = {isa = PBXFileReference; fileEncoding = 4; lastKnownFileType = sourcecode.c.h; path = JSQVideoMediaItem.h; sourceTree = "<group>"; };
		0A2186E41AE5D83E00F7CDDD /* JSQVideoMediaItem.m */ = {isa = PBXFileReference; fileEncoding = 4; lastKnownFileType = sourcecode.c.objc; path = JSQVideoMediaItem.m; sourceTree = "<group>"; };
		0A2186E61AE5D83E00F7CDDD /* JSQMessagesCellTextView.h */ = {isa = PBXFileReference; fileEncoding = 4; lastKnownFileType = sourcecode.c.h; path = JSQMessagesCellTextView.h; sourceTree = "<group>"; };
		0A2186E71AE5D83E00F7CDDD /* JSQMessagesCellTextView.m */ = {isa = PBXFileReference; fileEncoding = 4; lastKnownFileType = sourcecode.c.objc; path = JSQMessagesCellTextView.m; sourceTree = "<group>"; };
		0A2186E81AE5D83E00F7CDDD /* JSQMessagesCollectionView.h */ = {isa = PBXFileReference; fileEncoding = 4; lastKnownFileType = sourcecode.c.h; path = JSQMessagesCollectionView.h; sourceTree = "<group>"; };
		0A2186E91AE5D83E00F7CDDD /* JSQMessagesCollectionView.m */ = {isa = PBXFileReference; fileEncoding = 4; lastKnownFileType = sourcecode.c.objc; path = JSQMessagesCollectionView.m; sourceTree = "<group>"; };
		0A2186EA1AE5D83E00F7CDDD /* JSQMessagesCollectionViewCell.h */ = {isa = PBXFileReference; fileEncoding = 4; lastKnownFileType = sourcecode.c.h; path = JSQMessagesCollectionViewCell.h; sourceTree = "<group>"; };
		0A2186EB1AE5D83E00F7CDDD /* JSQMessagesCollectionViewCell.m */ = {isa = PBXFileReference; fileEncoding = 4; lastKnownFileType = sourcecode.c.objc; path = JSQMessagesCollectionViewCell.m; sourceTree = "<group>"; };
		0A2186EC1AE5D83E00F7CDDD /* JSQMessagesCollectionViewCellIncoming.h */ = {isa = PBXFileReference; fileEncoding = 4; lastKnownFileType = sourcecode.c.h; path = JSQMessagesCollectionViewCellIncoming.h; sourceTree = "<group>"; };
		0A2186ED1AE5D83E00F7CDDD /* JSQMessagesCollectionViewCellIncoming.m */ = {isa = PBXFileReference; fileEncoding = 4; lastKnownFileType = sourcecode.c.objc; path = JSQMessagesCollectionViewCellIncoming.m; sourceTree = "<group>"; };
		0A2186EE1AE5D83E00F7CDDD /* JSQMessagesCollectionViewCellIncoming.xib */ = {isa = PBXFileReference; fileEncoding = 4; lastKnownFileType = file.xib; path = JSQMessagesCollectionViewCellIncoming.xib; sourceTree = "<group>"; };
		0A2186EF1AE5D83E00F7CDDD /* JSQMessagesCollectionViewCellOutgoing.h */ = {isa = PBXFileReference; fileEncoding = 4; lastKnownFileType = sourcecode.c.h; path = JSQMessagesCollectionViewCellOutgoing.h; sourceTree = "<group>"; };
		0A2186F01AE5D83E00F7CDDD /* JSQMessagesCollectionViewCellOutgoing.m */ = {isa = PBXFileReference; fileEncoding = 4; lastKnownFileType = sourcecode.c.objc; path = JSQMessagesCollectionViewCellOutgoing.m; sourceTree = "<group>"; };
		0A2186F11AE5D83E00F7CDDD /* JSQMessagesCollectionViewCellOutgoing.xib */ = {isa = PBXFileReference; fileEncoding = 4; lastKnownFileType = file.xib; path = JSQMessagesCollectionViewCellOutgoing.xib; sourceTree = "<group>"; };
		0A2186F21AE5D83E00F7CDDD /* JSQMessagesComposerTextView.h */ = {isa = PBXFileReference; fileEncoding = 4; lastKnownFileType = sourcecode.c.h; path = JSQMessagesComposerTextView.h; sourceTree = "<group>"; };
		0A2186F31AE5D83E00F7CDDD /* JSQMessagesComposerTextView.m */ = {isa = PBXFileReference; fileEncoding = 4; lastKnownFileType = sourcecode.c.objc; path = JSQMessagesComposerTextView.m; sourceTree = "<group>"; };
		0A2186F41AE5D83E00F7CDDD /* JSQMessagesInputToolbar.h */ = {isa = PBXFileReference; fileEncoding = 4; lastKnownFileType = sourcecode.c.h; path = JSQMessagesInputToolbar.h; sourceTree = "<group>"; };
		0A2186F51AE5D83E00F7CDDD /* JSQMessagesInputToolbar.m */ = {isa = PBXFileReference; fileEncoding = 4; lastKnownFileType = sourcecode.c.objc; path = JSQMessagesInputToolbar.m; sourceTree = "<group>"; };
		0A2186F61AE5D83E00F7CDDD /* JSQMessagesLabel.h */ = {isa = PBXFileReference; fileEncoding = 4; lastKnownFileType = sourcecode.c.h; path = JSQMessagesLabel.h; sourceTree = "<group>"; };
		0A2186F71AE5D83E00F7CDDD /* JSQMessagesLabel.m */ = {isa = PBXFileReference; fileEncoding = 4; lastKnownFileType = sourcecode.c.objc; path = JSQMessagesLabel.m; sourceTree = "<group>"; };
		0A2186F81AE5D83E00F7CDDD /* JSQMessagesLoadEarlierHeaderView.h */ = {isa = PBXFileReference; fileEncoding = 4; lastKnownFileType = sourcecode.c.h; path = JSQMessagesLoadEarlierHeaderView.h; sourceTree = "<group>"; };
		0A2186F91AE5D83E00F7CDDD /* JSQMessagesLoadEarlierHeaderView.m */ = {isa = PBXFileReference; fileEncoding = 4; lastKnownFileType = sourcecode.c.objc; path = JSQMessagesLoadEarlierHeaderView.m; sourceTree = "<group>"; };
		0A2186FA1AE5D83E00F7CDDD /* JSQMessagesLoadEarlierHeaderView.xib */ = {isa = PBXFileReference; fileEncoding = 4; lastKnownFileType = file.xib; path = JSQMessagesLoadEarlierHeaderView.xib; sourceTree = "<group>"; };
		0A2186FB1AE5D83E00F7CDDD /* JSQMessagesMediaPlaceholderView.h */ = {isa = PBXFileReference; fileEncoding = 4; lastKnownFileType = sourcecode.c.h; path = JSQMessagesMediaPlaceholderView.h; sourceTree = "<group>"; };
		0A2186FC1AE5D83E00F7CDDD /* JSQMessagesMediaPlaceholderView.m */ = {isa = PBXFileReference; fileEncoding = 4; lastKnownFileType = sourcecode.c.objc; path = JSQMessagesMediaPlaceholderView.m; sourceTree = "<group>"; };
		0A2186FD1AE5D83E00F7CDDD /* JSQMessagesToolbarContentView.h */ = {isa = PBXFileReference; fileEncoding = 4; lastKnownFileType = sourcecode.c.h; path = JSQMessagesToolbarContentView.h; sourceTree = "<group>"; };
		0A2186FE1AE5D83E00F7CDDD /* JSQMessagesToolbarContentView.m */ = {isa = PBXFileReference; fileEncoding = 4; lastKnownFileType = sourcecode.c.objc; path = JSQMessagesToolbarContentView.m; sourceTree = "<group>"; };
		0A2186FF1AE5D83E00F7CDDD /* JSQMessagesToolbarContentView.xib */ = {isa = PBXFileReference; fileEncoding = 4; lastKnownFileType = file.xib; path = JSQMessagesToolbarContentView.xib; sourceTree = "<group>"; };
		0A2187001AE5D83E00F7CDDD /* JSQMessagesTypingIndicatorFooterView.h */ = {isa = PBXFileReference; fileEncoding = 4; lastKnownFileType = sourcecode.c.h; path = JSQMessagesTypingIndicatorFooterView.h; sourceTree = "<group>"; };
		0A2187011AE5D83E00F7CDDD /* JSQMessagesTypingIndicatorFooterView.m */ = {isa = PBXFileReference; fileEncoding = 4; lastKnownFileType = sourcecode.c.objc; path = JSQMessagesTypingIndicatorFooterView.m; sourceTree = "<group>"; };
		0A2187021AE5D83E00F7CDDD /* JSQMessagesTypingIndicatorFooterView.xib */ = {isa = PBXFileReference; fileEncoding = 4; lastKnownFileType = file.xib; path = JSQMessagesTypingIndicatorFooterView.xib; sourceTree = "<group>"; };
		0A2187051AE5D83E00F7CDDD /* JSQSystemSoundPlayer.h */ = {isa = PBXFileReference; fileEncoding = 4; lastKnownFileType = sourcecode.c.h; path = JSQSystemSoundPlayer.h; sourceTree = "<group>"; };
		0A2187061AE5D83E00F7CDDD /* JSQSystemSoundPlayer.m */ = {isa = PBXFileReference; fileEncoding = 4; lastKnownFileType = sourcecode.c.objc; path = JSQSystemSoundPlayer.m; sourceTree = "<group>"; };
		0A2187331AE62AC900F7CDDD /* ChatView.h */ = {isa = PBXFileReference; fileEncoding = 4; lastKnownFileType = sourcecode.c.h; path = ChatView.h; sourceTree = "<group>"; };
		0A2187341AE62AC900F7CDDD /* ChatView.m */ = {isa = PBXFileReference; fileEncoding = 4; lastKnownFileType = sourcecode.c.objc; path = ChatView.m; sourceTree = "<group>"; };
		0A2D21AC1ACC27B8003EE2AE /* ParticipantsViewController.h */ = {isa = PBXFileReference; fileEncoding = 4; lastKnownFileType = sourcecode.c.h; path = ParticipantsViewController.h; sourceTree = "<group>"; };
		0A2D21AD1ACC27B8003EE2AE /* ParticipantsViewController.m */ = {isa = PBXFileReference; fileEncoding = 4; lastKnownFileType = sourcecode.c.objc; path = ParticipantsViewController.m; sourceTree = "<group>"; };
		0A32BF0B1ABE039E00025127 /* SpotMark.app */ = {isa = PBXFileReference; explicitFileType = wrapper.application; includeInIndex = 0; path = SpotMark.app; sourceTree = BUILT_PRODUCTS_DIR; };
		0A32BF0F1ABE039E00025127 /* Info.plist */ = {isa = PBXFileReference; lastKnownFileType = text.plist.xml; path = Info.plist; sourceTree = "<group>"; };
		0A32BF101ABE039E00025127 /* main.m */ = {isa = PBXFileReference; lastKnownFileType = sourcecode.c.objc; path = main.m; sourceTree = "<group>"; };
		0A32BF121ABE039E00025127 /* AppDelegate.h */ = {isa = PBXFileReference; lastKnownFileType = sourcecode.c.h; path = AppDelegate.h; sourceTree = "<group>"; };
		0A32BF131ABE039E00025127 /* AppDelegate.m */ = {isa = PBXFileReference; lastKnownFileType = sourcecode.c.objc; path = AppDelegate.m; sourceTree = "<group>"; };
		0A32BF151ABE039E00025127 /* ViewController.h */ = {isa = PBXFileReference; lastKnownFileType = sourcecode.c.h; path = ViewController.h; sourceTree = "<group>"; };
		0A32BF161ABE039E00025127 /* ViewController.m */ = {isa = PBXFileReference; lastKnownFileType = sourcecode.c.objc; path = ViewController.m; sourceTree = "<group>"; };
		0A32BF241ABE039E00025127 /* SpotMarkTests.xctest */ = {isa = PBXFileReference; explicitFileType = wrapper.cfbundle; includeInIndex = 0; path = SpotMarkTests.xctest; sourceTree = BUILT_PRODUCTS_DIR; };
		0A32BF291ABE039E00025127 /* Info.plist */ = {isa = PBXFileReference; lastKnownFileType = text.plist.xml; path = Info.plist; sourceTree = "<group>"; };
		0A32BF2A1ABE039E00025127 /* SpotMarkTests.m */ = {isa = PBXFileReference; lastKnownFileType = sourcecode.c.objc; path = SpotMarkTests.m; sourceTree = "<group>"; };
		0A32C13A1ABE597900025127 /* Accounts.framework */ = {isa = PBXFileReference; lastKnownFileType = wrapper.framework; name = Accounts.framework; path = System/Library/Frameworks/Accounts.framework; sourceTree = SDKROOT; };
		0A32C13B1ABE597900025127 /* AudioToolbox.framework */ = {isa = PBXFileReference; lastKnownFileType = wrapper.framework; name = AudioToolbox.framework; path = System/Library/Frameworks/AudioToolbox.framework; sourceTree = SDKROOT; };
		0A32C13C1ABE597900025127 /* CFNetwork.framework */ = {isa = PBXFileReference; lastKnownFileType = wrapper.framework; name = CFNetwork.framework; path = System/Library/Frameworks/CFNetwork.framework; sourceTree = SDKROOT; };
		0A32C13D1ABE597900025127 /* CoreGraphics.framework */ = {isa = PBXFileReference; lastKnownFileType = wrapper.framework; name = CoreGraphics.framework; path = System/Library/Frameworks/CoreGraphics.framework; sourceTree = SDKROOT; };
		0A32C13E1ABE597900025127 /* CoreLocation.framework */ = {isa = PBXFileReference; lastKnownFileType = wrapper.framework; name = CoreLocation.framework; path = System/Library/Frameworks/CoreLocation.framework; sourceTree = SDKROOT; };
		0A32C13F1ABE597900025127 /* MobileCoreServices.framework */ = {isa = PBXFileReference; lastKnownFileType = wrapper.framework; name = MobileCoreServices.framework; path = System/Library/Frameworks/MobileCoreServices.framework; sourceTree = SDKROOT; };
		0A32C1401ABE597900025127 /* QuartzCore.framework */ = {isa = PBXFileReference; lastKnownFileType = wrapper.framework; name = QuartzCore.framework; path = System/Library/Frameworks/QuartzCore.framework; sourceTree = SDKROOT; };
		0A32C1411ABE597900025127 /* Security.framework */ = {isa = PBXFileReference; lastKnownFileType = wrapper.framework; name = Security.framework; path = System/Library/Frameworks/Security.framework; sourceTree = SDKROOT; };
		0A32C1421ABE597900025127 /* Social.framework */ = {isa = PBXFileReference; lastKnownFileType = wrapper.framework; name = Social.framework; path = System/Library/Frameworks/Social.framework; sourceTree = SDKROOT; };
		0A32C1441ABE597900025127 /* SystemConfiguration.framework */ = {isa = PBXFileReference; lastKnownFileType = wrapper.framework; name = SystemConfiguration.framework; path = System/Library/Frameworks/SystemConfiguration.framework; sourceTree = SDKROOT; };
		0A32C1501ABE598F00025127 /* libsqlite3.dylib */ = {isa = PBXFileReference; lastKnownFileType = "compiled.mach-o.dylib"; name = libsqlite3.dylib; path = usr/lib/libsqlite3.dylib; sourceTree = SDKROOT; };
		0A32C1511ABE598F00025127 /* libz.dylib */ = {isa = PBXFileReference; lastKnownFileType = "compiled.mach-o.dylib"; name = libz.dylib; path = usr/lib/libz.dylib; sourceTree = SDKROOT; };
		0A32C2991AC1ED8500025127 /* NewEventsViewController.h */ = {isa = PBXFileReference; fileEncoding = 4; lastKnownFileType = sourcecode.c.h; path = NewEventsViewController.h; sourceTree = "<group>"; };
		0A32C29A1AC1ED8500025127 /* NewEventsViewController.m */ = {isa = PBXFileReference; fileEncoding = 4; lastKnownFileType = sourcecode.c.objc; path = NewEventsViewController.m; sourceTree = "<group>"; };
		0A3BD4A31AC9D46A00DAE12B /* Images.xcassets */ = {isa = PBXFileReference; lastKnownFileType = folder.assetcatalog; path = Images.xcassets; sourceTree = "<group>"; };
		0A3BD4A51ACB11B900DAE12B /* Event.h */ = {isa = PBXFileReference; lastKnownFileType = sourcecode.c.h; path = Event.h; sourceTree = "<group>"; };
		0A3BD4A71ACB1D8D00DAE12B /* Base */ = {isa = PBXFileReference; lastKnownFileType = file.storyboard; name = Base; path = Base.lproj/Main.storyboard; sourceTree = "<group>"; };
		0A61CB6B1AE0454B00CB11F6 /* AVFoundation.framework */ = {isa = PBXFileReference; lastKnownFileType = wrapper.framework; name = AVFoundation.framework; path = System/Library/Frameworks/AVFoundation.framework; sourceTree = SDKROOT; };
		0AC5530E1AD594D100FC3F22 /* Participant.h */ = {isa = PBXFileReference; fileEncoding = 4; lastKnownFileType = sourcecode.c.h; path = Participant.h; sourceTree = "<group>"; };
		0AC5530F1AD594D100FC3F22 /* Participant.m */ = {isa = PBXFileReference; fileEncoding = 4; lastKnownFileType = sourcecode.c.objc; path = Participant.m; sourceTree = "<group>"; };
		0AEBF09C1AC5281700F221E0 /* loadParse.h */ = {isa = PBXFileReference; fileEncoding = 4; lastKnownFileType = sourcecode.c.h; path = loadParse.h; sourceTree = "<group>"; };
		0AEBF09D1AC5281700F221E0 /* loadParse.m */ = {isa = PBXFileReference; fileEncoding = 4; lastKnownFileType = sourcecode.c.objc; path = loadParse.m; sourceTree = "<group>"; };
		0AEBF0A21AC5D26000F221E0 /* User.h */ = {isa = PBXFileReference; fileEncoding = 4; lastKnownFileType = sourcecode.c.h; path = User.h; sourceTree = "<group>"; };
		0AEBF0A31AC5D26000F221E0 /* User.m */ = {isa = PBXFileReference; fileEncoding = 4; lastKnownFileType = sourcecode.c.objc; path = User.m; sourceTree = "<group>"; };
		0AEBF0A51AC5E0C400F221E0 /* InviteViewController.h */ = {isa = PBXFileReference; fileEncoding = 4; lastKnownFileType = sourcecode.c.h; path = InviteViewController.h; sourceTree = "<group>"; };
		0AEBF0A61AC5E0C400F221E0 /* InviteViewController.m */ = {isa = PBXFileReference; fileEncoding = 4; lastKnownFileType = sourcecode.c.objc; path = InviteViewController.m; sourceTree = "<group>"; };
		0AEBF0A81AC635E000F221E0 /* CustonCellInvite.h */ = {isa = PBXFileReference; fileEncoding = 4; lastKnownFileType = sourcecode.c.h; path = CustonCellInvite.h; sourceTree = "<group>"; };
		0AEBF0A91AC635E000F221E0 /* CustonCellInvite.m */ = {isa = PBXFileReference; fileEncoding = 4; lastKnownFileType = sourcecode.c.objc; path = CustonCellInvite.m; sourceTree = "<group>"; };
		0AEC21811AE596C90021D560 /* ParseUI.framework */ = {isa = PBXFileReference; lastKnownFileType = wrapper.framework; path = ParseUI.framework; sourceTree = "<group>"; };
		0AEC21831AE597650021D560 /* push.h */ = {isa = PBXFileReference; fileEncoding = 4; lastKnownFileType = sourcecode.c.h; path = push.h; sourceTree = "<group>"; };
		0AEC21841AE597650021D560 /* push.m */ = {isa = PBXFileReference; fileEncoding = 4; lastKnownFileType = sourcecode.c.objc; path = push.m; sourceTree = "<group>"; };
		0AF8A8741ADC549000498AC6 /* CustomTabBarViewController.h */ = {isa = PBXFileReference; fileEncoding = 4; lastKnownFileType = sourcecode.c.h; path = CustomTabBarViewController.h; sourceTree = "<group>"; };
		0AF8A8751ADC549000498AC6 /* CustomTabBarViewController.m */ = {isa = PBXFileReference; fileEncoding = 4; lastKnownFileType = sourcecode.c.objc; path = CustomTabBarViewController.m; sourceTree = "<group>"; };
		0AF8A8771ADD93A900498AC6 /* CustomCellPost.h */ = {isa = PBXFileReference; fileEncoding = 4; lastKnownFileType = sourcecode.c.h; path = CustomCellPost.h; sourceTree = "<group>"; };
		0AF8A8781ADD93A900498AC6 /* CustomCellPost.m */ = {isa = PBXFileReference; fileEncoding = 4; lastKnownFileType = sourcecode.c.objc; path = CustomCellPost.m; sourceTree = "<group>"; };
		9556195F1AC320DF00010C68 /* SettingsViewController.h */ = {isa = PBXFileReference; fileEncoding = 4; lastKnownFileType = sourcecode.c.h; path = SettingsViewController.h; sourceTree = "<group>"; };
		955619601AC320DF00010C68 /* SettingsViewController.m */ = {isa = PBXFileReference; fileEncoding = 4; lastKnownFileType = sourcecode.c.objc; path = SettingsViewController.m; sourceTree = "<group>"; };
		955619621AC3215400010C68 /* MessagesViewController.h */ = {isa = PBXFileReference; fileEncoding = 4; lastKnownFileType = sourcecode.c.h; path = MessagesViewController.h; sourceTree = "<group>"; };
		955619631AC3215400010C68 /* MessagesViewController.m */ = {isa = PBXFileReference; fileEncoding = 4; lastKnownFileType = sourcecode.c.objc; path = MessagesViewController.m; sourceTree = "<group>"; };
		955619681AC3229D00010C68 /* OneEventViewController.h */ = {isa = PBXFileReference; fileEncoding = 4; lastKnownFileType = sourcecode.c.h; path = OneEventViewController.h; sourceTree = "<group>"; };
		955619691AC3229D00010C68 /* OneEventViewController.m */ = {isa = PBXFileReference; fileEncoding = 4; lastKnownFileType = sourcecode.c.objc; path = OneEventViewController.m; sourceTree = "<group>"; };
		955619711AC46B8900010C68 /* MapKit.framework */ = {isa = PBXFileReference; lastKnownFileType = wrapper.framework; name = MapKit.framework; path = System/Library/Frameworks/MapKit.framework; sourceTree = SDKROOT; };
		955619761AC48ABA00010C68 /* Chat.h */ = {isa = PBXFileReference; fileEncoding = 4; lastKnownFileType = sourcecode.c.h; path = Chat.h; sourceTree = "<group>"; };
		955619771AC48ABA00010C68 /* Chat.m */ = {isa = PBXFileReference; fileEncoding = 4; lastKnownFileType = sourcecode.c.objc; path = Chat.m; sourceTree = "<group>"; };
		95FD4ABE1AC5BD7E0075A78A /* Event.m */ = {isa = PBXFileReference; fileEncoding = 4; lastKnownFileType = sourcecode.c.objc; path = Event.m; sourceTree = "<group>"; };
		95FD4ABF1AC5BD7E0075A78A /* EventsViewController.h */ = {isa = PBXFileReference; fileEncoding = 4; lastKnownFileType = sourcecode.c.h; path = EventsViewController.h; sourceTree = "<group>"; };
		95FD4AC01AC5BD7E0075A78A /* EventsViewController.m */ = {isa = PBXFileReference; fileEncoding = 4; lastKnownFileType = sourcecode.c.objc; path = EventsViewController.m; sourceTree = "<group>"; };
		95FD4AC31AC5BDF80075A78A /* MapViewController.h */ = {isa = PBXFileReference; fileEncoding = 4; lastKnownFileType = sourcecode.c.h; path = MapViewController.h; sourceTree = "<group>"; };
		95FD4AC41AC5BDF80075A78A /* MapViewController.m */ = {isa = PBXFileReference; fileEncoding = 4; lastKnownFileType = sourcecode.c.objc; path = MapViewController.m; sourceTree = "<group>"; };
		95FD4ACB1AC9D68C0075A78A /* EventTableCell.h */ = {isa = PBXFileReference; fileEncoding = 4; lastKnownFileType = sourcecode.c.h; path = EventTableCell.h; sourceTree = "<group>"; };
		95FD4ACC1AC9D68C0075A78A /* EventTableCell.m */ = {isa = PBXFileReference; fileEncoding = 4; lastKnownFileType = sourcecode.c.objc; path = EventTableCell.m; sourceTree = "<group>"; };
		F27E98A41AE085F30053F557 /* Config.h */ = {isa = PBXFileReference; lastKnownFileType = sourcecode.c.h; path = Config.h; sourceTree = "<group>"; };
		F290D8E21AE712BA007F78DA /* FacebookSDK.framework */ = {isa = PBXFileReference; lastKnownFileType = wrapper.framework; path = FacebookSDK.framework; sourceTree = "<group>"; };
		F290D8E61AE71579007F78DA /* Parse.framework */ = {isa = PBXFileReference; lastKnownFileType = wrapper.framework; path = Parse.framework; sourceTree = "<group>"; };
		F290D8E81AE71622007F78DA /* Bolts.framework */ = {isa = PBXFileReference; lastKnownFileType = wrapper.framework; path = Bolts.framework; sourceTree = "<group>"; };
/* End PBXFileReference section */

/* Begin PBXFrameworksBuildPhase section */
		0A32BF081ABE039E00025127 /* Frameworks */ = {
			isa = PBXFrameworksBuildPhase;
			buildActionMask = 2147483647;
			files = (
				0A61CB6C1AE0454B00CB11F6 /* AVFoundation.framework in Frameworks */,
				0A32C1521ABE598F00025127 /* libsqlite3.dylib in Frameworks */,
				0A32C1531ABE598F00025127 /* libz.dylib in Frameworks */,
				0A32C1451ABE597900025127 /* Accounts.framework in Frameworks */,
				F290D8E31AE712BA007F78DA /* FacebookSDK.framework in Frameworks */,
				0AEC21821AE596C90021D560 /* ParseUI.framework in Frameworks */,
				F290D8E71AE71579007F78DA /* Parse.framework in Frameworks */,
				0A32C1461ABE597900025127 /* AudioToolbox.framework in Frameworks */,
				0A32C1471ABE597900025127 /* CFNetwork.framework in Frameworks */,
				0A32C1481ABE597900025127 /* CoreGraphics.framework in Frameworks */,
				0A32C1491ABE597900025127 /* CoreLocation.framework in Frameworks */,
				0A32C14A1ABE597900025127 /* MobileCoreServices.framework in Frameworks */,
				F290D8E91AE71622007F78DA /* Bolts.framework in Frameworks */,
				0A32C14B1ABE597900025127 /* QuartzCore.framework in Frameworks */,
				0A32C14C1ABE597900025127 /* Security.framework in Frameworks */,
				0A32C14D1ABE597900025127 /* Social.framework in Frameworks */,
				0A32C14F1ABE597900025127 /* SystemConfiguration.framework in Frameworks */,
			);
			runOnlyForDeploymentPostprocessing = 0;
		};
		0A32BF211ABE039E00025127 /* Frameworks */ = {
			isa = PBXFrameworksBuildPhase;
			buildActionMask = 2147483647;
			files = (
			);
			runOnlyForDeploymentPostprocessing = 0;
		};
/* End PBXFrameworksBuildPhase section */

/* Begin PBXGroup section */
		0A2186A51AE5D83E00F7CDDD /* JSQMessagesViewController */ = {
			isa = PBXGroup;
			children = (
				0A2186A61AE5D83E00F7CDDD /* Assets */,
				0A2186A81AE5D83E00F7CDDD /* Categories */,
				0A2186B71AE5D83E00F7CDDD /* Controllers */,
				0A2186BD1AE5D83E00F7CDDD /* Factories */,
				0A2186C81AE5D83E00F7CDDD /* JSQMessages.h */,
				0A2186C91AE5D83E00F7CDDD /* Layout */,
				0A2186D01AE5D83E00F7CDDD /* Model */,
				0A2186E51AE5D83E00F7CDDD /* Views */,
			);
			path = JSQMessagesViewController;
			sourceTree = "<group>";
		};
		0A2186A61AE5D83E00F7CDDD /* Assets */ = {
			isa = PBXGroup;
			children = (
				0A2186A71AE5D83E00F7CDDD /* JSQMessagesAssets.bundle */,
			);
			path = Assets;
			sourceTree = "<group>";
		};
		0A2186A81AE5D83E00F7CDDD /* Categories */ = {
			isa = PBXGroup;
			children = (
				0A2186A91AE5D83E00F7CDDD /* JSQSystemSoundPlayer+JSQMessages.h */,
				0A2186AA1AE5D83E00F7CDDD /* JSQSystemSoundPlayer+JSQMessages.m */,
				0A2186AB1AE5D83E00F7CDDD /* NSBundle+JSQMessages.h */,
				0A2186AC1AE5D83E00F7CDDD /* NSBundle+JSQMessages.m */,
				0A2186AD1AE5D83E00F7CDDD /* NSString+JSQMessages.h */,
				0A2186AE1AE5D83E00F7CDDD /* NSString+JSQMessages.m */,
				0A2186AF1AE5D83E00F7CDDD /* UIColor+JSQMessages.h */,
				0A2186B01AE5D83E00F7CDDD /* UIColor+JSQMessages.m */,
				0A2186B11AE5D83E00F7CDDD /* UIDevice+JSQMessages.h */,
				0A2186B21AE5D83E00F7CDDD /* UIDevice+JSQMessages.m */,
				0A2186B31AE5D83E00F7CDDD /* UIImage+JSQMessages.h */,
				0A2186B41AE5D83E00F7CDDD /* UIImage+JSQMessages.m */,
				0A2186B51AE5D83E00F7CDDD /* UIView+JSQMessages.h */,
				0A2186B61AE5D83E00F7CDDD /* UIView+JSQMessages.m */,
			);
			path = Categories;
			sourceTree = "<group>";
		};
		0A2186B71AE5D83E00F7CDDD /* Controllers */ = {
			isa = PBXGroup;
			children = (
				0A2186B81AE5D83E00F7CDDD /* JSQMessagesKeyboardController.h */,
				0A2186B91AE5D83E00F7CDDD /* JSQMessagesKeyboardController.m */,
				0A2186BA1AE5D83E00F7CDDD /* JSQMessagesViewController.h */,
				0A2186BB1AE5D83E00F7CDDD /* JSQMessagesViewController.m */,
				0A2186BC1AE5D83E00F7CDDD /* JSQMessagesViewController.xib */,
			);
			path = Controllers;
			sourceTree = "<group>";
		};
		0A2186BD1AE5D83E00F7CDDD /* Factories */ = {
			isa = PBXGroup;
			children = (
				0A2186BE1AE5D83E00F7CDDD /* JSQMessagesAvatarImageFactory.h */,
				0A2186BF1AE5D83E00F7CDDD /* JSQMessagesAvatarImageFactory.m */,
				0A2186C01AE5D83E00F7CDDD /* JSQMessagesBubbleImageFactory.h */,
				0A2186C11AE5D83E00F7CDDD /* JSQMessagesBubbleImageFactory.m */,
				0A2186C21AE5D83E00F7CDDD /* JSQMessagesMediaViewBubbleImageMasker.h */,
				0A2186C31AE5D83E00F7CDDD /* JSQMessagesMediaViewBubbleImageMasker.m */,
				0A2186C41AE5D83E00F7CDDD /* JSQMessagesTimestampFormatter.h */,
				0A2186C51AE5D83E00F7CDDD /* JSQMessagesTimestampFormatter.m */,
				0A2186C61AE5D83E00F7CDDD /* JSQMessagesToolbarButtonFactory.h */,
				0A2186C71AE5D83E00F7CDDD /* JSQMessagesToolbarButtonFactory.m */,
			);
			path = Factories;
			sourceTree = "<group>";
		};
		0A2186C91AE5D83E00F7CDDD /* Layout */ = {
			isa = PBXGroup;
			children = (
				0A2186CA1AE5D83E00F7CDDD /* JSQMessagesCollectionViewFlowLayout.h */,
				0A2186CB1AE5D83E00F7CDDD /* JSQMessagesCollectionViewFlowLayout.m */,
				0A2186CC1AE5D83E00F7CDDD /* JSQMessagesCollectionViewFlowLayoutInvalidationContext.h */,
				0A2186CD1AE5D83E00F7CDDD /* JSQMessagesCollectionViewFlowLayoutInvalidationContext.m */,
				0A2186CE1AE5D83E00F7CDDD /* JSQMessagesCollectionViewLayoutAttributes.h */,
				0A2186CF1AE5D83E00F7CDDD /* JSQMessagesCollectionViewLayoutAttributes.m */,
			);
			path = Layout;
			sourceTree = "<group>";
		};
		0A2186D01AE5D83E00F7CDDD /* Model */ = {
			isa = PBXGroup;
			children = (
				0A2186D11AE5D83E00F7CDDD /* JSQLocationMediaItem.h */,
				0A2186D21AE5D83E00F7CDDD /* JSQLocationMediaItem.m */,
				0A2186D31AE5D83E00F7CDDD /* JSQMediaItem.h */,
				0A2186D41AE5D83E00F7CDDD /* JSQMediaItem.m */,
				0A2186D51AE5D83E00F7CDDD /* JSQMessage.h */,
				0A2186D61AE5D83E00F7CDDD /* JSQMessage.m */,
				0A2186D71AE5D83E00F7CDDD /* JSQMessageAvatarImageDataSource.h */,
				0A2186D81AE5D83E00F7CDDD /* JSQMessageBubbleImageDataSource.h */,
				0A2186D91AE5D83E00F7CDDD /* JSQMessageData.h */,
				0A2186DA1AE5D83E00F7CDDD /* JSQMessageMediaData.h */,
				0A2186DB1AE5D83E00F7CDDD /* JSQMessagesAvatarImage.h */,
				0A2186DC1AE5D83E00F7CDDD /* JSQMessagesAvatarImage.m */,
				0A2186DD1AE5D83E00F7CDDD /* JSQMessagesBubbleImage.h */,
				0A2186DE1AE5D83E00F7CDDD /* JSQMessagesBubbleImage.m */,
				0A2186DF1AE5D83E00F7CDDD /* JSQMessagesCollectionViewDataSource.h */,
				0A2186E01AE5D83E00F7CDDD /* JSQMessagesCollectionViewDelegateFlowLayout.h */,
				0A2186E11AE5D83E00F7CDDD /* JSQPhotoMediaItem.h */,
				0A2186E21AE5D83E00F7CDDD /* JSQPhotoMediaItem.m */,
				0A2186E31AE5D83E00F7CDDD /* JSQVideoMediaItem.h */,
				0A2186E41AE5D83E00F7CDDD /* JSQVideoMediaItem.m */,
			);
			path = Model;
			sourceTree = "<group>";
		};
		0A2186E51AE5D83E00F7CDDD /* Views */ = {
			isa = PBXGroup;
			children = (
				0A2186E61AE5D83E00F7CDDD /* JSQMessagesCellTextView.h */,
				0A2186E71AE5D83E00F7CDDD /* JSQMessagesCellTextView.m */,
				0A2186E81AE5D83E00F7CDDD /* JSQMessagesCollectionView.h */,
				0A2186E91AE5D83E00F7CDDD /* JSQMessagesCollectionView.m */,
				0A2186EA1AE5D83E00F7CDDD /* JSQMessagesCollectionViewCell.h */,
				0A2186EB1AE5D83E00F7CDDD /* JSQMessagesCollectionViewCell.m */,
				0A2186EC1AE5D83E00F7CDDD /* JSQMessagesCollectionViewCellIncoming.h */,
				0A2186ED1AE5D83E00F7CDDD /* JSQMessagesCollectionViewCellIncoming.m */,
				0A2186EE1AE5D83E00F7CDDD /* JSQMessagesCollectionViewCellIncoming.xib */,
				0A2186EF1AE5D83E00F7CDDD /* JSQMessagesCollectionViewCellOutgoing.h */,
				0A2186F01AE5D83E00F7CDDD /* JSQMessagesCollectionViewCellOutgoing.m */,
				0A2186F11AE5D83E00F7CDDD /* JSQMessagesCollectionViewCellOutgoing.xib */,
				0A2186F21AE5D83E00F7CDDD /* JSQMessagesComposerTextView.h */,
				0A2186F31AE5D83E00F7CDDD /* JSQMessagesComposerTextView.m */,
				0A2186F41AE5D83E00F7CDDD /* JSQMessagesInputToolbar.h */,
				0A2186F51AE5D83E00F7CDDD /* JSQMessagesInputToolbar.m */,
				0A2186F61AE5D83E00F7CDDD /* JSQMessagesLabel.h */,
				0A2186F71AE5D83E00F7CDDD /* JSQMessagesLabel.m */,
				0A2186F81AE5D83E00F7CDDD /* JSQMessagesLoadEarlierHeaderView.h */,
				0A2186F91AE5D83E00F7CDDD /* JSQMessagesLoadEarlierHeaderView.m */,
				0A2186FA1AE5D83E00F7CDDD /* JSQMessagesLoadEarlierHeaderView.xib */,
				0A2186FB1AE5D83E00F7CDDD /* JSQMessagesMediaPlaceholderView.h */,
				0A2186FC1AE5D83E00F7CDDD /* JSQMessagesMediaPlaceholderView.m */,
				0A2186FD1AE5D83E00F7CDDD /* JSQMessagesToolbarContentView.h */,
				0A2186FE1AE5D83E00F7CDDD /* JSQMessagesToolbarContentView.m */,
				0A2186FF1AE5D83E00F7CDDD /* JSQMessagesToolbarContentView.xib */,
				0A2187001AE5D83E00F7CDDD /* JSQMessagesTypingIndicatorFooterView.h */,
				0A2187011AE5D83E00F7CDDD /* JSQMessagesTypingIndicatorFooterView.m */,
				0A2187021AE5D83E00F7CDDD /* JSQMessagesTypingIndicatorFooterView.xib */,
			);
			path = Views;
			sourceTree = "<group>";
		};
		0A2187031AE5D83E00F7CDDD /* JSQSystemSoundPlayer */ = {
			isa = PBXGroup;
			children = (
				0A2187041AE5D83E00F7CDDD /* Classes */,
			);
			path = JSQSystemSoundPlayer;
			sourceTree = "<group>";
		};
		0A2187041AE5D83E00F7CDDD /* Classes */ = {
			isa = PBXGroup;
			children = (
				0A2187051AE5D83E00F7CDDD /* JSQSystemSoundPlayer.h */,
				0A2187061AE5D83E00F7CDDD /* JSQSystemSoundPlayer.m */,
			);
			path = Classes;
			sourceTree = "<group>";
		};
		0A32BF021ABE039E00025127 = {
			isa = PBXGroup;
			children = (
				955619551AC1B2E600010C68 /* Frameworks */,
				0A32BF0D1ABE039E00025127 /* SpotMark */,
				0A32BF271ABE039E00025127 /* SpotMarkTests */,
				0A32BF0C1ABE039E00025127 /* Products */,
			);
			sourceTree = "<group>";
		};
		0A32BF0C1ABE039E00025127 /* Products */ = {
			isa = PBXGroup;
			children = (
				0A32BF0B1ABE039E00025127 /* SpotMark.app */,
				0A32BF241ABE039E00025127 /* SpotMarkTests.xctest */,
			);
			name = Products;
			sourceTree = "<group>";
		};
		0A32BF0D1ABE039E00025127 /* SpotMark */ = {
			isa = PBXGroup;
			children = (
				0A2186A51AE5D83E00F7CDDD /* JSQMessagesViewController */,
				0A2187031AE5D83E00F7CDDD /* JSQSystemSoundPlayer */,
				0A32C1681ABF248F00025127 /* Model */,
				955619701AC395AC00010C68 /* ViewController */,
				0A3BD4A31AC9D46A00DAE12B /* Images.xcassets */,
				0A3BD4A61ACB1D8D00DAE12B /* Main.storyboard */,
				0A32BF0E1ABE039E00025127 /* Supporting Files */,
			);
			path = SpotMark;
			sourceTree = "<group>";
		};
		0A32BF0E1ABE039E00025127 /* Supporting Files */ = {
			isa = PBXGroup;
			children = (
				0A32BF0F1ABE039E00025127 /* Info.plist */,
				0A32BF101ABE039E00025127 /* main.m */,
			);
			name = "Supporting Files";
			sourceTree = "<group>";
		};
		0A32BF271ABE039E00025127 /* SpotMarkTests */ = {
			isa = PBXGroup;
			children = (
				0A32BF2A1ABE039E00025127 /* SpotMarkTests.m */,
				0A32BF281ABE039E00025127 /* Supporting Files */,
			);
			path = SpotMarkTests;
			sourceTree = "<group>";
		};
		0A32BF281ABE039E00025127 /* Supporting Files */ = {
			isa = PBXGroup;
			children = (
				0A32BF291ABE039E00025127 /* Info.plist */,
			);
			name = "Supporting Files";
			sourceTree = "<group>";
		};
		0A32C1681ABF248F00025127 /* Model */ = {
			isa = PBXGroup;
			children = (
				0A2187331AE62AC900F7CDDD /* ChatView.h */,
				0A2187341AE62AC900F7CDDD /* ChatView.m */,
				0AEC21831AE597650021D560 /* push.h */,
				0AEC21841AE597650021D560 /* push.m */,
				0AEBF0A21AC5D26000F221E0 /* User.h */,
				F27E98A41AE085F30053F557 /* Config.h */,
				0AEBF0A31AC5D26000F221E0 /* User.m */,
				0A3BD4A51ACB11B900DAE12B /* Event.h */,
				95FD4ABE1AC5BD7E0075A78A /* Event.m */,
				955619761AC48ABA00010C68 /* Chat.h */,
				955619771AC48ABA00010C68 /* Chat.m */,
				0AEBF09C1AC5281700F221E0 /* loadParse.h */,
				0AEBF09D1AC5281700F221E0 /* loadParse.m */,
				0AEBF0A81AC635E000F221E0 /* CustonCellInvite.h */,
				0AEBF0A91AC635E000F221E0 /* CustonCellInvite.m */,
				95FD4ACB1AC9D68C0075A78A /* EventTableCell.h */,
				95FD4ACC1AC9D68C0075A78A /* EventTableCell.m */,
				0A0F98C71ACB3F9400B6D006 /* Message.h */,
				0A0F98C81ACB3F9400B6D006 /* Message.m */,
				0AC5530E1AD594D100FC3F22 /* Participant.h */,
				0AC5530F1AD594D100FC3F22 /* Participant.m */,
				0AF8A8771ADD93A900498AC6 /* CustomCellPost.h */,
				0AF8A8781ADD93A900498AC6 /* CustomCellPost.m */,
			);
			name = Model;
			sourceTree = "<group>";
		};
		955619551AC1B2E600010C68 /* Frameworks */ = {
			isa = PBXGroup;
			children = (
				0A61CB6B1AE0454B00CB11F6 /* AVFoundation.framework */,
				955619711AC46B8900010C68 /* MapKit.framework */,
				0A32C1501ABE598F00025127 /* libsqlite3.dylib */,
				F290D8E61AE71579007F78DA /* Parse.framework */,
				0A32C1511ABE598F00025127 /* libz.dylib */,
				F290D8E81AE71622007F78DA /* Bolts.framework */,
				F290D8E21AE712BA007F78DA /* FacebookSDK.framework */,
				0AEC21811AE596C90021D560 /* ParseUI.framework */,
				0A32C13A1ABE597900025127 /* Accounts.framework */,
				0A32C13B1ABE597900025127 /* AudioToolbox.framework */,
				0A32C13C1ABE597900025127 /* CFNetwork.framework */,
				0A32C13D1ABE597900025127 /* CoreGraphics.framework */,
				0A32C13E1ABE597900025127 /* CoreLocation.framework */,
				0A32C13F1ABE597900025127 /* MobileCoreServices.framework */,
				0A32C1401ABE597900025127 /* QuartzCore.framework */,
				0A32C1411ABE597900025127 /* Security.framework */,
				0A32C1421ABE597900025127 /* Social.framework */,
				0A32C1441ABE597900025127 /* SystemConfiguration.framework */,
			);
			name = Frameworks;
			sourceTree = "<group>";
		};
		955619701AC395AC00010C68 /* ViewController */ = {
			isa = PBXGroup;
			children = (
				0A32BF121ABE039E00025127 /* AppDelegate.h */,
				0A32BF131ABE039E00025127 /* AppDelegate.m */,
				95FD4ABF1AC5BD7E0075A78A /* EventsViewController.h */,
				95FD4AC01AC5BD7E0075A78A /* EventsViewController.m */,
				95FD4AC31AC5BDF80075A78A /* MapViewController.h */,
				95FD4AC41AC5BDF80075A78A /* MapViewController.m */,
				0A32BF151ABE039E00025127 /* ViewController.h */,
				0A32BF161ABE039E00025127 /* ViewController.m */,
				0A32C2991AC1ED8500025127 /* NewEventsViewController.h */,
				0A32C29A1AC1ED8500025127 /* NewEventsViewController.m */,
				955619681AC3229D00010C68 /* OneEventViewController.h */,
				955619691AC3229D00010C68 /* OneEventViewController.m */,
				9556195F1AC320DF00010C68 /* SettingsViewController.h */,
				955619601AC320DF00010C68 /* SettingsViewController.m */,
				955619621AC3215400010C68 /* MessagesViewController.h */,
				955619631AC3215400010C68 /* MessagesViewController.m */,
				0AEBF0A51AC5E0C400F221E0 /* InviteViewController.h */,
				0AEBF0A61AC5E0C400F221E0 /* InviteViewController.m */,
				0A2D21AC1ACC27B8003EE2AE /* ParticipantsViewController.h */,
				0A2D21AD1ACC27B8003EE2AE /* ParticipantsViewController.m */,
				0AF8A8741ADC549000498AC6 /* CustomTabBarViewController.h */,
				0AF8A8751ADC549000498AC6 /* CustomTabBarViewController.m */,
			);
			name = ViewController;
			sourceTree = "<group>";
		};
/* End PBXGroup section */

/* Begin PBXNativeTarget section */
		0A32BF0A1ABE039E00025127 /* SpotMark */ = {
			isa = PBXNativeTarget;
			buildConfigurationList = 0A32BF2E1ABE039E00025127 /* Build configuration list for PBXNativeTarget "SpotMark" */;
			buildPhases = (
				0A32BF071ABE039E00025127 /* Sources */,
				0A32BF081ABE039E00025127 /* Frameworks */,
				0A32BF091ABE039E00025127 /* Resources */,
			);
			buildRules = (
			);
			dependencies = (
			);
			name = SpotMark;
			productName = SpotMark;
			productReference = 0A32BF0B1ABE039E00025127 /* SpotMark.app */;
			productType = "com.apple.product-type.application";
		};
		0A32BF231ABE039E00025127 /* SpotMarkTests */ = {
			isa = PBXNativeTarget;
			buildConfigurationList = 0A32BF311ABE039E00025127 /* Build configuration list for PBXNativeTarget "SpotMarkTests" */;
			buildPhases = (
				0A32BF201ABE039E00025127 /* Sources */,
				0A32BF211ABE039E00025127 /* Frameworks */,
				0A32BF221ABE039E00025127 /* Resources */,
			);
			buildRules = (
			);
			dependencies = (
				0A32BF261ABE039E00025127 /* PBXTargetDependency */,
			);
			name = SpotMarkTests;
			productName = SpotMarkTests;
			productReference = 0A32BF241ABE039E00025127 /* SpotMarkTests.xctest */;
			productType = "com.apple.product-type.bundle.unit-test";
		};
/* End PBXNativeTarget section */

/* Begin PBXProject section */
		0A32BF031ABE039E00025127 /* Project object */ = {
			isa = PBXProject;
			attributes = {
				LastUpgradeCheck = 0620;
				ORGANIZATIONNAME = "Lucas Fraga Schuler";
				TargetAttributes = {
					0A32BF0A1ABE039E00025127 = {
						CreatedOnToolsVersion = 6.2;
						DevelopmentTeam = 6ZVL2ANYP3;
						SystemCapabilities = {
							com.apple.GameCenter = {
								enabled = 0;
							};
							com.apple.InAppPurchase = {
								enabled = 0;
							};
						};
					};
					0A32BF231ABE039E00025127 = {
						CreatedOnToolsVersion = 6.2;
						DevelopmentTeam = 6D93DA2TT6;
						TestTargetID = 0A32BF0A1ABE039E00025127;
					};
				};
			};
			buildConfigurationList = 0A32BF061ABE039E00025127 /* Build configuration list for PBXProject "SpotMark" */;
			compatibilityVersion = "Xcode 3.2";
			developmentRegion = English;
			hasScannedForEncodings = 0;
			knownRegions = (
				en,
				Base,
				he,
			);
			mainGroup = 0A32BF021ABE039E00025127;
			productRefGroup = 0A32BF0C1ABE039E00025127 /* Products */;
			projectDirPath = "";
			projectRoot = "";
			targets = (
				0A32BF0A1ABE039E00025127 /* SpotMark */,
				0A32BF231ABE039E00025127 /* SpotMarkTests */,
			);
		};
/* End PBXProject section */

/* Begin PBXResourcesBuildPhase section */
		0A32BF091ABE039E00025127 /* Resources */ = {
			isa = PBXResourcesBuildPhase;
			buildActionMask = 2147483647;
			files = (
				0A2187071AE5D83E00F7CDDD /* JSQMessagesAssets.bundle in Resources */,
				0A3BD4A41AC9D46A00DAE12B /* Images.xcassets in Resources */,
				0A21872C1AE5D83E00F7CDDD /* JSQMessagesLoadEarlierHeaderView.xib in Resources */,
				0A2187311AE5D83E00F7CDDD /* JSQMessagesTypingIndicatorFooterView.xib in Resources */,
				0A21872F1AE5D83E00F7CDDD /* JSQMessagesToolbarContentView.xib in Resources */,
				0A2187251AE5D83E00F7CDDD /* JSQMessagesCollectionViewCellIncoming.xib in Resources */,
				0A2187271AE5D83E00F7CDDD /* JSQMessagesCollectionViewCellOutgoing.xib in Resources */,
				0A3BD4A81ACB1D8D00DAE12B /* Main.storyboard in Resources */,
				0A2187111AE5D83E00F7CDDD /* JSQMessagesViewController.xib in Resources */,
			);
			runOnlyForDeploymentPostprocessing = 0;
		};
		0A32BF221ABE039E00025127 /* Resources */ = {
			isa = PBXResourcesBuildPhase;
			buildActionMask = 2147483647;
			files = (
			);
			runOnlyForDeploymentPostprocessing = 0;
		};
/* End PBXResourcesBuildPhase section */

/* Begin PBXSourcesBuildPhase section */
		0A32BF071ABE039E00025127 /* Sources */ = {
			isa = PBXSourcesBuildPhase;
			buildActionMask = 2147483647;
			files = (
				0A21870A1AE5D83E00F7CDDD /* NSString+JSQMessages.m in Sources */,
				0A2187231AE5D83E00F7CDDD /* JSQMessagesCollectionViewCell.m in Sources */,
				0A2D21AE1ACC27B8003EE2AE /* ParticipantsViewController.m in Sources */,
				0A2187281AE5D83E00F7CDDD /* JSQMessagesComposerTextView.m in Sources */,
				0A21871B1AE5D83E00F7CDDD /* JSQMediaItem.m in Sources */,
				95FD4AC11AC5BD7E0075A78A /* Event.m in Sources */,
				0A2187181AE5D83E00F7CDDD /* JSQMessagesCollectionViewFlowLayoutInvalidationContext.m in Sources */,
				0A21872B1AE5D83E00F7CDDD /* JSQMessagesLoadEarlierHeaderView.m in Sources */,
				0A32C29B1AC1ED8500025127 /* NewEventsViewController.m in Sources */,
				0A21872D1AE5D83E00F7CDDD /* JSQMessagesMediaPlaceholderView.m in Sources */,
				0A21871C1AE5D83E00F7CDDD /* JSQMessage.m in Sources */,
				0A21872E1AE5D83E00F7CDDD /* JSQMessagesToolbarContentView.m in Sources */,
				0A2187221AE5D83E00F7CDDD /* JSQMessagesCollectionView.m in Sources */,
				0A21870C1AE5D83E00F7CDDD /* UIDevice+JSQMessages.m in Sources */,
				0A2187081AE5D83E00F7CDDD /* JSQSystemSoundPlayer+JSQMessages.m in Sources */,
				0A2187161AE5D83E00F7CDDD /* JSQMessagesToolbarButtonFactory.m in Sources */,
				0A21870F1AE5D83E00F7CDDD /* JSQMessagesKeyboardController.m in Sources */,
				955619781AC48ABA00010C68 /* Chat.m in Sources */,
				0A2187171AE5D83E00F7CDDD /* JSQMessagesCollectionViewFlowLayout.m in Sources */,
				0A2187151AE5D83E00F7CDDD /* JSQMessagesTimestampFormatter.m in Sources */,
				0A2187351AE62AC900F7CDDD /* ChatView.m in Sources */,
				95FD4AC21AC5BD7E0075A78A /* EventsViewController.m in Sources */,
				0AF8A8791ADD93A900498AC6 /* CustomCellPost.m in Sources */,
				0AC553101AD594D100FC3F22 /* Participant.m in Sources */,
				0AEBF0A41AC5D26000F221E0 /* User.m in Sources */,
				0A2187301AE5D83E00F7CDDD /* JSQMessagesTypingIndicatorFooterView.m in Sources */,
				0A2187141AE5D83E00F7CDDD /* JSQMessagesMediaViewBubbleImageMasker.m in Sources */,
				0A21872A1AE5D83E00F7CDDD /* JSQMessagesLabel.m in Sources */,
				0AEC21851AE597650021D560 /* push.m in Sources */,
				9556196A1AC3229D00010C68 /* OneEventViewController.m in Sources */,
				0A2187321AE5D83E00F7CDDD /* JSQSystemSoundPlayer.m in Sources */,
				955619641AC3215400010C68 /* MessagesViewController.m in Sources */,
				0A21870D1AE5D83E00F7CDDD /* UIImage+JSQMessages.m in Sources */,
				0A2187131AE5D83E00F7CDDD /* JSQMessagesBubbleImageFactory.m in Sources */,
				0A21871F1AE5D83E00F7CDDD /* JSQPhotoMediaItem.m in Sources */,
				0A0F98C91ACB3F9400B6D006 /* Message.m in Sources */,
				0AEBF09E1AC5281700F221E0 /* loadParse.m in Sources */,
				0AEBF0AA1AC635E000F221E0 /* CustonCellInvite.m in Sources */,
				955619611AC320DF00010C68 /* SettingsViewController.m in Sources */,
				0A32BF171ABE039E00025127 /* ViewController.m in Sources */,
				95FD4ACD1AC9D68C0075A78A /* EventTableCell.m in Sources */,
				0A2187091AE5D83E00F7CDDD /* NSBundle+JSQMessages.m in Sources */,
				0A21870E1AE5D83E00F7CDDD /* UIView+JSQMessages.m in Sources */,
				0A2187291AE5D83E00F7CDDD /* JSQMessagesInputToolbar.m in Sources */,
				0A32BF141ABE039E00025127 /* AppDelegate.m in Sources */,
				0A2187191AE5D83E00F7CDDD /* JSQMessagesCollectionViewLayoutAttributes.m in Sources */,
				0A21871A1AE5D83E00F7CDDD /* JSQLocationMediaItem.m in Sources */,
				0A21870B1AE5D83E00F7CDDD /* UIColor+JSQMessages.m in Sources */,
				0A2187101AE5D83E00F7CDDD /* JSQMessagesViewController.m in Sources */,
				0A21871E1AE5D83E00F7CDDD /* JSQMessagesBubbleImage.m in Sources */,
				0A32BF111ABE039E00025127 /* main.m in Sources */,
				0AF8A8761ADC549000498AC6 /* CustomTabBarViewController.m in Sources */,
				0A2187241AE5D83E00F7CDDD /* JSQMessagesCollectionViewCellIncoming.m in Sources */,
				0A2187211AE5D83E00F7CDDD /* JSQMessagesCellTextView.m in Sources */,
				0A2187201AE5D83E00F7CDDD /* JSQVideoMediaItem.m in Sources */,
				95FD4AC51AC5BDF80075A78A /* MapViewController.m in Sources */,
				0A2187121AE5D83E00F7CDDD /* JSQMessagesAvatarImageFactory.m in Sources */,
				0AEBF0A71AC5E0C400F221E0 /* InviteViewController.m in Sources */,
				0A21871D1AE5D83E00F7CDDD /* JSQMessagesAvatarImage.m in Sources */,
				0A2187261AE5D83E00F7CDDD /* JSQMessagesCollectionViewCellOutgoing.m in Sources */,
			);
			runOnlyForDeploymentPostprocessing = 0;
		};
		0A32BF201ABE039E00025127 /* Sources */ = {
			isa = PBXSourcesBuildPhase;
			buildActionMask = 2147483647;
			files = (
				0A32BF2B1ABE039E00025127 /* SpotMarkTests.m in Sources */,
			);
			runOnlyForDeploymentPostprocessing = 0;
		};
/* End PBXSourcesBuildPhase section */

/* Begin PBXTargetDependency section */
		0A32BF261ABE039E00025127 /* PBXTargetDependency */ = {
			isa = PBXTargetDependency;
			target = 0A32BF0A1ABE039E00025127 /* SpotMark */;
			targetProxy = 0A32BF251ABE039E00025127 /* PBXContainerItemProxy */;
		};
/* End PBXTargetDependency section */

/* Begin PBXVariantGroup section */
		0A3BD4A61ACB1D8D00DAE12B /* Main.storyboard */ = {
			isa = PBXVariantGroup;
			children = (
				0A3BD4A71ACB1D8D00DAE12B /* Base */,
			);
			name = Main.storyboard;
			sourceTree = "<group>";
		};
/* End PBXVariantGroup section */

/* Begin XCBuildConfiguration section */
		0A32BF2C1ABE039E00025127 /* Debug */ = {
			isa = XCBuildConfiguration;
			buildSettings = {
				ALWAYS_SEARCH_USER_PATHS = NO;
				CLANG_CXX_LANGUAGE_STANDARD = "gnu++0x";
				CLANG_CXX_LIBRARY = "libc++";
				CLANG_ENABLE_MODULES = YES;
				CLANG_ENABLE_OBJC_ARC = YES;
				CLANG_WARN_BOOL_CONVERSION = YES;
				CLANG_WARN_CONSTANT_CONVERSION = YES;
				CLANG_WARN_DIRECT_OBJC_ISA_USAGE = YES_ERROR;
				CLANG_WARN_EMPTY_BODY = YES;
				CLANG_WARN_ENUM_CONVERSION = YES;
				CLANG_WARN_INT_CONVERSION = YES;
				CLANG_WARN_OBJC_ROOT_CLASS = YES_ERROR;
				CLANG_WARN_UNREACHABLE_CODE = YES;
				CLANG_WARN__DUPLICATE_METHOD_MATCH = YES;
				"CODE_SIGN_IDENTITY[sdk=iphoneos*]" = "iPhone Developer";
				COPY_PHASE_STRIP = NO;
				ENABLE_STRICT_OBJC_MSGSEND = YES;
				GCC_C_LANGUAGE_STANDARD = gnu99;
				GCC_DYNAMIC_NO_PIC = NO;
				GCC_OPTIMIZATION_LEVEL = 0;
				GCC_PREPROCESSOR_DEFINITIONS = (
					"DEBUG=1",
					"$(inherited)",
				);
				GCC_SYMBOLS_PRIVATE_EXTERN = NO;
				GCC_WARN_64_TO_32_BIT_CONVERSION = YES;
				GCC_WARN_ABOUT_RETURN_TYPE = YES_ERROR;
				GCC_WARN_UNDECLARED_SELECTOR = YES;
				GCC_WARN_UNINITIALIZED_AUTOS = YES_AGGRESSIVE;
				GCC_WARN_UNUSED_FUNCTION = YES;
				GCC_WARN_UNUSED_VARIABLE = YES;
				IPHONEOS_DEPLOYMENT_TARGET = 8.0;
				MTL_ENABLE_DEBUG_INFO = YES;
				ONLY_ACTIVE_ARCH = YES;
				OTHER_LDFLAGS = "$(inherited)";
				SDKROOT = iphoneos;
				TARGETED_DEVICE_FAMILY = "1,2";
			};
			name = Debug;
		};
		0A32BF2D1ABE039E00025127 /* Release */ = {
			isa = XCBuildConfiguration;
			buildSettings = {
				ALWAYS_SEARCH_USER_PATHS = NO;
				CLANG_CXX_LANGUAGE_STANDARD = "gnu++0x";
				CLANG_CXX_LIBRARY = "libc++";
				CLANG_ENABLE_MODULES = YES;
				CLANG_ENABLE_OBJC_ARC = YES;
				CLANG_WARN_BOOL_CONVERSION = YES;
				CLANG_WARN_CONSTANT_CONVERSION = YES;
				CLANG_WARN_DIRECT_OBJC_ISA_USAGE = YES_ERROR;
				CLANG_WARN_EMPTY_BODY = YES;
				CLANG_WARN_ENUM_CONVERSION = YES;
				CLANG_WARN_INT_CONVERSION = YES;
				CLANG_WARN_OBJC_ROOT_CLASS = YES_ERROR;
				CLANG_WARN_UNREACHABLE_CODE = YES;
				CLANG_WARN__DUPLICATE_METHOD_MATCH = YES;
				"CODE_SIGN_IDENTITY[sdk=iphoneos*]" = "iPhone Developer";
				COPY_PHASE_STRIP = NO;
				ENABLE_NS_ASSERTIONS = NO;
				ENABLE_STRICT_OBJC_MSGSEND = YES;
				GCC_C_LANGUAGE_STANDARD = gnu99;
				GCC_WARN_64_TO_32_BIT_CONVERSION = YES;
				GCC_WARN_ABOUT_RETURN_TYPE = YES_ERROR;
				GCC_WARN_UNDECLARED_SELECTOR = YES;
				GCC_WARN_UNINITIALIZED_AUTOS = YES_AGGRESSIVE;
				GCC_WARN_UNUSED_FUNCTION = YES;
				GCC_WARN_UNUSED_VARIABLE = YES;
				IPHONEOS_DEPLOYMENT_TARGET = 8.0;
				MTL_ENABLE_DEBUG_INFO = NO;
				OTHER_LDFLAGS = "$(inherited)";
				SDKROOT = iphoneos;
				TARGETED_DEVICE_FAMILY = "1,2";
				VALIDATE_PRODUCT = YES;
			};
			name = Release;
		};
		0A32BF2F1ABE039E00025127 /* Debug */ = {
			isa = XCBuildConfiguration;
			buildSettings = {
				ASSETCATALOG_COMPILER_APPICON_NAME = AppIcon;
				CLANG_ALLOW_NON_MODULAR_INCLUDES_IN_FRAMEWORK_MODULES = NO;
				CLANG_ENABLE_MODULES = YES;
				CODE_SIGN_IDENTITY = "iPhone Developer";
				"CODE_SIGN_IDENTITY[sdk=iphoneos*]" = "iPhone Developer";
				FRAMEWORK_SEARCH_PATHS = (
					"$(PROJECT_DIR)",
					/Users/matheusbaptistabondan/Downloads/Sinch,
					/Users/matheusbaptistabondan/Documents/FacebookSDK,
				);
				INFOPLIST_FILE = SpotMark/Info.plist;
				IPHONEOS_DEPLOYMENT_TARGET = 8.1;
				LD_RUNPATH_SEARCH_PATHS = "$(inherited) @executable_path/Frameworks";
				OTHER_LDFLAGS = "";
				PRODUCT_NAME = "$(TARGET_NAME)";
				PROVISIONING_PROFILE = "";
				SWIFT_OBJC_BRIDGING_HEADER = "SpotMark/SpotMark-Bridging-Header.h";
				SWIFT_OPTIMIZATION_LEVEL = "-Onone";
				TARGETED_DEVICE_FAMILY = "1,2";
				VALID_ARCHS = "armv7 armv7s arm64";
			};
			name = Debug;
		};
		0A32BF301ABE039E00025127 /* Release */ = {
			isa = XCBuildConfiguration;
			buildSettings = {
				ASSETCATALOG_COMPILER_APPICON_NAME = AppIcon;
				CLANG_ALLOW_NON_MODULAR_INCLUDES_IN_FRAMEWORK_MODULES = NO;
				CLANG_ENABLE_MODULES = YES;
				CODE_SIGN_IDENTITY = "iPhone Developer";
				FRAMEWORK_SEARCH_PATHS = (
					"$(PROJECT_DIR)",
					/Users/matheusbaptistabondan/Downloads/Sinch,
					/Users/matheusbaptistabondan/Documents/FacebookSDK,
				);
				INFOPLIST_FILE = SpotMark/Info.plist;
				IPHONEOS_DEPLOYMENT_TARGET = 8.1;
				LD_RUNPATH_SEARCH_PATHS = "$(inherited) @executable_path/Frameworks";
				OTHER_LDFLAGS = "";
				PRODUCT_NAME = "$(TARGET_NAME)";
				PROVISIONING_PROFILE = "";
				SWIFT_OBJC_BRIDGING_HEADER = "SpotMark/SpotMark-Bridging-Header.h";
				TARGETED_DEVICE_FAMILY = "1,2";
				VALID_ARCHS = "armv7 armv7s arm64";
			};
			name = Release;
		};
		0A32BF321ABE039E00025127 /* Debug */ = {
			isa = XCBuildConfiguration;
			buildSettings = {
				BUNDLE_LOADER = "$(TEST_HOST)";
				FRAMEWORK_SEARCH_PATHS = (
					"$(SDKROOT)/Developer/Library/Frameworks",
					"$(inherited)",
				);
				GCC_PREPROCESSOR_DEFINITIONS = (
					"DEBUG=1",
					"$(inherited)",
				);
				INFOPLIST_FILE = SpotMarkTests/Info.plist;
				LD_RUNPATH_SEARCH_PATHS = "$(inherited) @executable_path/Frameworks @loader_path/Frameworks";
				PRODUCT_NAME = "$(TARGET_NAME)";
				TEST_HOST = "$(BUILT_PRODUCTS_DIR)/SpotMark.app/SpotMark";
			};
			name = Debug;
		};
		0A32BF331ABE039E00025127 /* Release */ = {
			isa = XCBuildConfiguration;
			buildSettings = {
				BUNDLE_LOADER = "$(TEST_HOST)";
				FRAMEWORK_SEARCH_PATHS = (
					"$(SDKROOT)/Developer/Library/Frameworks",
					"$(inherited)",
				);
				INFOPLIST_FILE = SpotMarkTests/Info.plist;
				LD_RUNPATH_SEARCH_PATHS = "$(inherited) @executable_path/Frameworks @loader_path/Frameworks";
				PRODUCT_NAME = "$(TARGET_NAME)";
				TEST_HOST = "$(BUILT_PRODUCTS_DIR)/SpotMark.app/SpotMark";
			};
			name = Release;
		};
/* End XCBuildConfiguration section */

/* Begin XCConfigurationList section */
		0A32BF061ABE039E00025127 /* Build configuration list for PBXProject "SpotMark" */ = {
			isa = XCConfigurationList;
			buildConfigurations = (
				0A32BF2C1ABE039E00025127 /* Debug */,
				0A32BF2D1ABE039E00025127 /* Release */,
			);
			defaultConfigurationIsVisible = 0;
			defaultConfigurationName = Release;
		};
		0A32BF2E1ABE039E00025127 /* Build configuration list for PBXNativeTarget "SpotMark" */ = {
			isa = XCConfigurationList;
			buildConfigurations = (
				0A32BF2F1ABE039E00025127 /* Debug */,
				0A32BF301ABE039E00025127 /* Release */,
			);
			defaultConfigurationIsVisible = 0;
			defaultConfigurationName = Release;
		};
		0A32BF311ABE039E00025127 /* Build configuration list for PBXNativeTarget "SpotMarkTests" */ = {
			isa = XCConfigurationList;
			buildConfigurations = (
				0A32BF321ABE039E00025127 /* Debug */,
				0A32BF331ABE039E00025127 /* Release */,
			);
			defaultConfigurationIsVisible = 0;
			defaultConfigurationName = Release;
		};
/* End XCConfigurationList section */
	};
	rootObject = 0A32BF031ABE039E00025127 /* Project object */;
}
